// !$*UTF8*$!
{
	archiveVersion = 1;
	classes = {
	};
	objectVersion = 46;
	objects = {
		CC5F18984F8915CC79B6D961 = {
			isa = PBXBuildFile;
			fileRef = 76A33D682892F7ED944DB3A0;
		};
		F00A202940EA4CE5B39CAB1E = {
			isa = PBXBuildFile;
			fileRef = AE73C4295F2A709414C623AB;
		};
		34DD9188C3E3A81B289D4192 = {
			isa = PBXBuildFile;
			fileRef = EBFF452A0544AFCB50B7C4D6;
		};
		24CA230B0A2EA40775255361 = {
			isa = PBXBuildFile;
			fileRef = 98C4616D63E553C9E737C926;
		};
		72302D28DB87BB8590D166AF = {
			isa = PBXBuildFile;
			fileRef = 14C28614EA07D0FA664B8880;
		};
		E5D0D8892203CAA9D3DF0B7A = {
			isa = PBXBuildFile;
			fileRef = B38BC5A03BB4E5D95543635C;
		};
		B595D3E3E56118A6E430164B = {
			isa = PBXBuildFile;
			fileRef = 0D92B7C45D93BD6C03019355;
		};
		74ECD95C271C27F9028661D7 = {
			isa = PBXBuildFile;
			fileRef = C13117A9CBC7D2483FCBB6A7;
		};
		84A8733B766FA63573A35455 = {
			isa = PBXBuildFile;
			fileRef = 24E73DFA418B12E40B95258D;
		};
		9F42FD7180FAC3D5DCFB3596 = {
			isa = PBXBuildFile;
			fileRef = 33F9215A882732E2ACD89009;
		};
		AA6A2B5D9BFD639324F1021B = {
			isa = PBXBuildFile;
			fileRef = CA00660513BD6E801FD429C2;
		};
		4604CDE5377934352EF2778F = {
			isa = PBXBuildFile;
			fileRef = FCBF458703E0C9FD70D1C1D7;
		};
		A0CA39AA2376B216CC30D6B8 = {
			isa = PBXBuildFile;
			fileRef = D92F2F95ECE88281469C705C;
		};
		32C7097C51C4CA0FFAF6B01D = {
			isa = PBXBuildFile;
			fileRef = D5E034BBB18CC26F3B21A0AE;
		};
		4BBC2F2A1930ADAA56CE21FE = {
			isa = PBXBuildFile;
			fileRef = 8F790997311E6C647C0E62A7;
		};
		BF48345D40ACC837096E7B43 = {
			isa = PBXBuildFile;
			fileRef = C204CEA5FC9E4598077049F3;
		};
		C08DA2AB71E1073DEFE43AFF = {
			isa = PBXBuildFile;
			fileRef = A6DBB902AB36E4C5DC854337;
		};
		1D8B999FCCD167ED49C93EB3 = {
			isa = PBXBuildFile;
			fileRef = 7CFC07C3D0F18A641849F548;
		};
		C87ECC0EF1DE91FAC789CDC3 = {
			isa = PBXBuildFile;
			fileRef = 8FDC306A162E82782D4FEEBF;
		};
		10AF664A15DE4065E05CFBE9 = {
			isa = PBXBuildFile;
			fileRef = DE7AF34F8D93F376B78E8CB1;
		};
		13FF1C8514046648FFA15A5F = {
			isa = PBXBuildFile;
			fileRef = 1B0AA9DA13784FB8D86799CD;
		};
		1F94D6A616077D58B5954A3F = {
			isa = PBXBuildFile;
			fileRef = 7542CC762CDEC66F26A961D1;
		};
		DEBACF14232A3FF4896F4D71 = {
			isa = PBXBuildFile;
			fileRef = 32A2B15B7CAB888549ECFC80;
		};
		D49B1DCF6B915FBA1CBF0085 = {
			isa = PBXBuildFile;
			fileRef = AE9F0F2311A993F57630AB98;
		};
		60BA90162C425D828A13C86F = {
			isa = PBXBuildFile;
			fileRef = 977B1CFB07944FC741DB3D0A;
		};
		D7A9F1D194F90BB67408591E = {
			isa = PBXBuildFile;
			fileRef = F01E559D82ED33F2D1593066;
		};
		E798033DCE066DB591F7C6B9 = {
			isa = PBXBuildFile;
			fileRef = D0EF4E0A3C149927E0215C5C;
		};
		5D14E56180DE21B0AD52A0C4 = {
			isa = PBXBuildFile;
			fileRef = 9FC57E799DC3358F391643D3;
		};
		EFEE38B6BC559F28FD892BF7 = {
			isa = PBXBuildFile;
			fileRef = 110B0D18859A16348DADA9B4;
		};
		1841577D2E9115918CE6DE41 = {
			isa = PBXBuildFile;
			fileRef = 54D3899BF2D5B0AB7AD98CA5;
		};
		30A1729BFF511501D81128D1 = {
			isa = PBXBuildFile;
			fileRef = 43373345EEEF18B547B99CC4;
		};
		2253DA3D306A527DEB14EAA4 = {
			isa = PBXBuildFile;
			fileRef = F66AC9D016EAF3752B9880BB;
		};
		F79600F680C7ED6A5E3227BC = {
			isa = PBXBuildFile;
			fileRef = 86988D96531AAAC899D3AB69;
		};
		0CD4300E03E084EBE12F133E = {
			isa = PBXBuildFile;
			fileRef = 8F78F04F7DB1424D27DC4DD2;
		};
		5409C638E2E2354A57AA23BF = {
			isa = PBXBuildFile;
			fileRef = C08C821FAA5E8657197F09FA;
		};
		202F3814E0FCB593E171D0C8 = {
			isa = PBXBuildFile;
			fileRef = B0A70FB1046E2EA1F6603077;
		};
		8916E45AFB76906FCF683258 = {
			isa = PBXBuildFile;
			fileRef = FDBE8845DC0BC62E24BD9083;
		};
		757E46EBA78DFCFB44A9F1B6 = {
			isa = PBXBuildFile;
			fileRef = 654F7C2BA35353579D02449F;
		};
		E1CCB7D2095FC57DFA13CB4B = {
			isa = PBXBuildFile;
			fileRef = A682B93B8DE3B915AABC21A0;
		};
		B9E97E8E391502E89009122F = {
			isa = PBXBuildFile;
			fileRef = 843BB4E3A1C26C657C5E6873;
		};
		7A82904E8A05E3A1CBBCD58B = {
			isa = PBXBuildFile;
			fileRef = A280B2FB15B453E141F826DB;
		};
		0A6E52EB72E83C1E66999AF6 = {
			isa = PBXFileReference;
			lastKnownFileType = file;
			name = "juce_gui_basics";
			path = "/Users/Richie/Desktop/JuceProjects/JUCE/modules/juce_gui_basics";
			sourceTree = "<absolute>";
		};
		0D92B7C45D93BD6C03019355 = {
			isa = PBXFileReference;
			lastKnownFileType = wrapper.framework;
			name = AudioToolbox.framework;
			path = System/Library/Frameworks/AudioToolbox.framework;
			sourceTree = SDKROOT;
		};
		110B0D18859A16348DADA9B4 = {
			isa = PBXFileReference;
			lastKnownFileType = sourcecode.cpp.cpp;
			name = "include_juce_audio_plugin_client_Standalone.cpp";
			path = "../../JuceLibraryCode/include_juce_audio_plugin_client_Standalone.cpp";
			sourceTree = "SOURCE_ROOT";
		};
		14C28614EA07D0FA664B8880 = {
			isa = PBXFileReference;
			lastKnownFileType = wrapper.framework;
			name = AudioUnit.framework;
			path = System/Library/Frameworks/AudioUnit.framework;
			sourceTree = SDKROOT;
		};
		1B0AA9DA13784FB8D86799CD = {
			isa = PBXFileReference;
			lastKnownFileType = sourcecode.cpp.cpp;
			name = Convolution.cpp;
			path = ../../Source/Convolution.cpp;
			sourceTree = "SOURCE_ROOT";
		};
		1F19E70F0B5006C6AB596F5F = {
			isa = PBXFileReference;
			lastKnownFileType = text.plist.xml;
			name = "Info-VST3.plist";
			path = "Info-VST3.plist";
			sourceTree = "SOURCE_ROOT";
		};
		23485116F508007DE21F6A09 = {
			isa = PBXFileReference;
			lastKnownFileType = text.plist.xml;
			name = "Info-AU.plist";
			path = "Info-AU.plist";
			sourceTree = "SOURCE_ROOT";
		};
		24E73DFA418B12E40B95258D = {
			isa = PBXFileReference;
			lastKnownFileType = wrapper.framework;
			name = Cocoa.framework;
			path = System/Library/Frameworks/Cocoa.framework;
			sourceTree = SDKROOT;
		};
		2D5C606A2A745E59BB824937 = {
			isa = PBXFileReference;
			lastKnownFileType = file;
			name = "juce_audio_formats";
			path = "/Users/Richie/Desktop/JuceProjects/JUCE/modules/juce_audio_formats";
			sourceTree = "<absolute>";
		};
		30D9A756D626A7AAA23D28CB = {
			isa = PBXFileReference;
			lastKnownFileType = file;
			name = "juce_data_structures";
			path = "/Users/Richie/Desktop/JuceProjects/JUCE/modules/juce_data_structures";
			sourceTree = "<absolute>";
		};
		32A2B15B7CAB888549ECFC80 = {
			isa = PBXFileReference;
			lastKnownFileType = sourcecode.cpp.objcpp;
			name = "include_juce_audio_basics.mm";
			path = "../../JuceLibraryCode/include_juce_audio_basics.mm";
			sourceTree = "SOURCE_ROOT";
		};
		33F9215A882732E2ACD89009 = {
			isa = PBXFileReference;
			lastKnownFileType = wrapper.framework;
			name = CoreAudio.framework;
			path = System/Library/Frameworks/CoreAudio.framework;
			sourceTree = SDKROOT;
		};
		36696363DCDCB1A74075509B = {
			isa = PBXFileReference;
			lastKnownFileType = sourcecode.c.h;
			name = JuceHeader.h;
			path = ../../JuceLibraryCode/JuceHeader.h;
			sourceTree = "SOURCE_ROOT";
		};
		37E1AEB0E36162C3ECDAF8DD = {
			isa = PBXFileReference;
			lastKnownFileType = file;
			name = "juce_events";
			path = "/Users/Richie/Desktop/JuceProjects/JUCE/modules/juce_events";
			sourceTree = "<absolute>";
		};
		43373345EEEF18B547B99CC4 = {
			isa = PBXFileReference;
			lastKnownFileType = sourcecode.cpp.objcpp;
			name = "include_juce_audio_plugin_client_VST_utils.mm";
			path = "../../JuceLibraryCode/include_juce_audio_plugin_client_VST_utils.mm";
			sourceTree = "SOURCE_ROOT";
		};
		467CAF2FEF97068826FEB8AA = {
			isa = PBXFileReference;
			lastKnownFileType = file;
			name = "juce_gui_extra";
			path = "/Users/Richie/Desktop/JuceProjects/JUCE/modules/juce_gui_extra";
			sourceTree = "<absolute>";
		};
		54D3899BF2D5B0AB7AD98CA5 = {
			isa = PBXFileReference;
			lastKnownFileType = sourcecode.cpp.cpp;
			name = "include_juce_audio_plugin_client_utils.cpp";
			path = "../../JuceLibraryCode/include_juce_audio_plugin_client_utils.cpp";
			sourceTree = "SOURCE_ROOT";
		};
		571D3B7DFDD2B3E2A18E7D9B = {
			isa = PBXFileReference;
			lastKnownFileType = sourcecode.c.h;
			name = PluginProcessor.h;
			path = ../../Source/PluginProcessor.h;
			sourceTree = "SOURCE_ROOT";
		};
		5D962BB37B052C112897DB03 = {
			isa = PBXFileReference;
			lastKnownFileType = file;
			name = "juce_audio_basics";
			path = "/Users/Richie/Desktop/JuceProjects/JUCE/modules/juce_audio_basics";
			sourceTree = "<absolute>";
		};
		654F7C2BA35353579D02449F = {
			isa = PBXFileReference;
			lastKnownFileType = sourcecode.cpp.objcpp;
			name = "include_juce_events.mm";
			path = "../../JuceLibraryCode/include_juce_events.mm";
			sourceTree = "SOURCE_ROOT";
		};
		672B2EC4C568062BF09ED73A = {
			isa = PBXFileReference;
			lastKnownFileType = file;
			name = "juce_audio_processors";
			path = "/Users/Richie/Desktop/JuceProjects/JUCE/modules/juce_audio_processors";
			sourceTree = "<absolute>";
		};
		7542CC762CDEC66F26A961D1 = {
			isa = PBXFileReference;
			lastKnownFileType = sourcecode.cpp.cpp;
			name = Distortion.cpp;
			path = ../../Source/Distortion.cpp;
			sourceTree = "SOURCE_ROOT";
		};
		76A33D682892F7ED944DB3A0 = {
			isa = PBXFileReference;
			explicitFileType = wrapper.cfbundle;
			includeInIndex = 0;
			path = PedalModelling.vst3;
			sourceTree = "BUILT_PRODUCTS_DIR";
		};
		7CFC07C3D0F18A641849F548 = {
			isa = PBXFileReference;
			lastKnownFileType = file.nib;
			name = RecentFilesMenuTemplate.nib;
			path = RecentFilesMenuTemplate.nib;
			sourceTree = "SOURCE_ROOT";
		};
		843BB4E3A1C26C657C5E6873 = {
			isa = PBXFileReference;
			lastKnownFileType = sourcecode.cpp.objcpp;
			name = "include_juce_gui_basics.mm";
			path = "../../JuceLibraryCode/include_juce_gui_basics.mm";
			sourceTree = "SOURCE_ROOT";
		};
		86988D96531AAAC899D3AB69 = {
			isa = PBXFileReference;
			lastKnownFileType = sourcecode.cpp.objcpp;
			name = "include_juce_audio_processors.mm";
			path = "../../JuceLibraryCode/include_juce_audio_processors.mm";
			sourceTree = "SOURCE_ROOT";
		};
		889D3450E84937EA9FFDECCA = {
			isa = PBXFileReference;
			lastKnownFileType = file;
			name = "juce_audio_utils";
			path = "/Users/Richie/Desktop/JuceProjects/JUCE/modules/juce_audio_utils";
			sourceTree = "<absolute>";
		};
		8F78F04F7DB1424D27DC4DD2 = {
			isa = PBXFileReference;
			lastKnownFileType = sourcecode.cpp.objcpp;
			name = "include_juce_audio_utils.mm";
			path = "../../JuceLibraryCode/include_juce_audio_utils.mm";
			sourceTree = "SOURCE_ROOT";
		};
		8F790997311E6C647C0E62A7 = {
			isa = PBXFileReference;
			lastKnownFileType = wrapper.framework;
			name = IOKit.framework;
			path = System/Library/Frameworks/IOKit.framework;
			sourceTree = SDKROOT;
		};
		8FDC306A162E82782D4FEEBF = {
			isa = PBXFileReference;
			lastKnownFileType = sourcecode.cpp.cpp;
			name = PluginProcessor.cpp;
			path = ../../Source/PluginProcessor.cpp;
			sourceTree = "SOURCE_ROOT";
		};
		9292ABC58F60035920EF6358 = {
			isa = PBXFileReference;
			lastKnownFileType = file;
			name = "juce_core";
			path = "/Users/Richie/Desktop/JuceProjects/JUCE/modules/juce_core";
			sourceTree = "<absolute>";
		};
		977B1CFB07944FC741DB3D0A = {
			isa = PBXFileReference;
			lastKnownFileType = sourcecode.cpp.objcpp;
			name = "include_juce_audio_formats.mm";
			path = "../../JuceLibraryCode/include_juce_audio_formats.mm";
			sourceTree = "SOURCE_ROOT";
		};
		9FC57E799DC3358F391643D3 = {
			isa = PBXFileReference;
			lastKnownFileType = sourcecode.cpp.objcpp;
			name = "include_juce_audio_plugin_client_AU_2.mm";
			path = "../../JuceLibraryCode/include_juce_audio_plugin_client_AU_2.mm";
			sourceTree = "SOURCE_ROOT";
		};
		9FD779116DEC23832ACD52F0 = {
			isa = PBXFileReference;
			lastKnownFileType = text.plist.xml;
			name = "Info-Standalone_Plugin.plist";
			path = "Info-Standalone_Plugin.plist";
			sourceTree = "SOURCE_ROOT";
		};
		A280B2FB15B453E141F826DB = {
			isa = PBXFileReference;
			lastKnownFileType = sourcecode.cpp.objcpp;
			name = "include_juce_gui_extra.mm";
			path = "../../JuceLibraryCode/include_juce_gui_extra.mm";
			sourceTree = "SOURCE_ROOT";
		};
		A682B93B8DE3B915AABC21A0 = {
			isa = PBXFileReference;
			lastKnownFileType = sourcecode.cpp.objcpp;
			name = "include_juce_graphics.mm";
			path = "../../JuceLibraryCode/include_juce_graphics.mm";
			sourceTree = "SOURCE_ROOT";
		};
		A6DBB902AB36E4C5DC854337 = {
			isa = PBXFileReference;
			lastKnownFileType = wrapper.framework;
			name = WebKit.framework;
			path = System/Library/Frameworks/WebKit.framework;
			sourceTree = SDKROOT;
		};
		AD32013A67F7D28D631E4192 = {
			isa = PBXFileReference;
			lastKnownFileType = sourcecode.c.h;
			name = Convolution.h;
			path = ../../Source/Convolution.h;
			sourceTree = "SOURCE_ROOT";
		};
		AE73C4295F2A709414C623AB = {
			isa = PBXFileReference;
			explicitFileType = wrapper.cfbundle;
			includeInIndex = 0;
			path = PedalModelling.component;
			sourceTree = "BUILT_PRODUCTS_DIR";
		};
		AE9F0F2311A993F57630AB98 = {
			isa = PBXFileReference;
			lastKnownFileType = sourcecode.cpp.objcpp;
			name = "include_juce_audio_devices.mm";
			path = "../../JuceLibraryCode/include_juce_audio_devices.mm";
			sourceTree = "SOURCE_ROOT";
		};
		B0A70FB1046E2EA1F6603077 = {
			isa = PBXFileReference;
			lastKnownFileType = sourcecode.cpp.objcpp;
			name = "include_juce_data_structures.mm";
			path = "../../JuceLibraryCode/include_juce_data_structures.mm";
			sourceTree = "SOURCE_ROOT";
		};
		B38BC5A03BB4E5D95543635C = {
			isa = PBXFileReference;
			lastKnownFileType = wrapper.framework;
			name = Accelerate.framework;
			path = System/Library/Frameworks/Accelerate.framework;
			sourceTree = SDKROOT;
		};
		C08C821FAA5E8657197F09FA = {
			isa = PBXFileReference;
			lastKnownFileType = sourcecode.cpp.objcpp;
			name = "include_juce_core.mm";
			path = "../../JuceLibraryCode/include_juce_core.mm";
			sourceTree = "SOURCE_ROOT";
		};
		C13117A9CBC7D2483FCBB6A7 = {
			isa = PBXFileReference;
			lastKnownFileType = wrapper.framework;
			name = Carbon.framework;
			path = System/Library/Frameworks/Carbon.framework;
			sourceTree = SDKROOT;
		};
		C1E681C700171A3BCE9177DA = {
			isa = PBXFileReference;
			lastKnownFileType = file;
			name = "juce_dsp";
			path = "/Users/Richie/Desktop/JuceProjects/JUCE/modules/juce_dsp";
			sourceTree = "<absolute>";
		};
		C204CEA5FC9E4598077049F3 = {
			isa = PBXFileReference;
			lastKnownFileType = wrapper.framework;
			name = QuartzCore.framework;
			path = System/Library/Frameworks/QuartzCore.framework;
			sourceTree = SDKROOT;
		};
		C5AD5A4C2F9BBD687223BCFF = {
			isa = PBXFileReference;
			lastKnownFileType = sourcecode.c.h;
			name = Distortion.h;
			path = ../../Source/Distortion.h;
			sourceTree = "SOURCE_ROOT";
		};
		C6D5744E8E8C0C9030B518DC = {
			isa = PBXFileReference;
			lastKnownFileType = sourcecode.c.h;
			name = JucePluginDefines.h;
			path = ../../JuceLibraryCode/JucePluginDefines.h;
			sourceTree = "SOURCE_ROOT";
		};
		CA00660513BD6E801FD429C2 = {
			isa = PBXFileReference;
			lastKnownFileType = wrapper.framework;
			name = CoreAudioKit.framework;
			path = System/Library/Frameworks/CoreAudioKit.framework;
			sourceTree = SDKROOT;
		};
		CD94841F2506A892D4107C66 = {
			isa = PBXFileReference;
			lastKnownFileType = file;
			name = "juce_graphics";
			path = "/Users/Richie/Desktop/JuceProjects/JUCE/modules/juce_graphics";
			sourceTree = "<absolute>";
		};
		D0EF4E0A3C149927E0215C5C = {
			isa = PBXFileReference;
			lastKnownFileType = sourcecode.cpp.objcpp;
			name = "include_juce_audio_plugin_client_AU_1.mm";
			path = "../../JuceLibraryCode/include_juce_audio_plugin_client_AU_1.mm";
			sourceTree = "SOURCE_ROOT";
		};
		D5E034BBB18CC26F3B21A0AE = {
			isa = PBXFileReference;
			lastKnownFileType = wrapper.framework;
			name = Foundation.framework;
			path = System/Library/Frameworks/Foundation.framework;
			sourceTree = SDKROOT;
		};
		D92F2F95ECE88281469C705C = {
			isa = PBXFileReference;
			lastKnownFileType = wrapper.framework;
			name = DiscRecording.framework;
			path = System/Library/Frameworks/DiscRecording.framework;
			sourceTree = SDKROOT;
		};
		DB07A245D92414EC242B0773 = {
			isa = PBXFileReference;
			lastKnownFileType = sourcecode.c.h;
			name = PluginEditor.h;
			path = ../../Source/PluginEditor.h;
			sourceTree = "SOURCE_ROOT";
		};
		DE7AF34F8D93F376B78E8CB1 = {
			isa = PBXFileReference;
			lastKnownFileType = sourcecode.cpp.cpp;
			name = PluginEditor.cpp;
			path = ../../Source/PluginEditor.cpp;
			sourceTree = "SOURCE_ROOT";
		};
		DFF266123A71DF3E8409BD3F = {
			isa = PBXFileReference;
			lastKnownFileType = file;
			name = "juce_audio_plugin_client";
			path = "/Users/Richie/Desktop/JuceProjects/JUCE/modules/juce_audio_plugin_client";
			sourceTree = "<absolute>";
		};
		EBFF452A0544AFCB50B7C4D6 = {
			isa = PBXFileReference;
			explicitFileType = wrapper.application;
			includeInIndex = 0;
			path = PedalModelling.app;
			sourceTree = "BUILT_PRODUCTS_DIR";
		};
		98C4616D63E553C9E737C926 = {
			isa = PBXFileReference;
			explicitFileType = archive.ar;
			includeInIndex = 0;
			path = libPedalModelling.a;
			sourceTree = "BUILT_PRODUCTS_DIR";
		};
		E852ECF205DE70F2B29E3CE6 = {
			isa = PBXFileReference;
			lastKnownFileType = file;
			name = "juce_audio_devices";
			path = "/Users/Richie/Desktop/JuceProjects/JUCE/modules/juce_audio_devices";
			sourceTree = "<absolute>";
		};
		F01E559D82ED33F2D1593066 = {
			isa = PBXFileReference;
			lastKnownFileType = file.r;
			name = "include_juce_audio_plugin_client_AU.r";
			path = "../../JuceLibraryCode/include_juce_audio_plugin_client_AU.r";
			sourceTree = "SOURCE_ROOT";
		};
		F66AC9D016EAF3752B9880BB = {
			isa = PBXFileReference;
			lastKnownFileType = sourcecode.cpp.cpp;
			name = "include_juce_audio_plugin_client_VST3.cpp";
			path = "../../JuceLibraryCode/include_juce_audio_plugin_client_VST3.cpp";
			sourceTree = "SOURCE_ROOT";
		};
		FCBF458703E0C9FD70D1C1D7 = {
			isa = PBXFileReference;
			lastKnownFileType = wrapper.framework;
			name = CoreMIDI.framework;
			path = System/Library/Frameworks/CoreMIDI.framework;
			sourceTree = SDKROOT;
		};
		FDBE8845DC0BC62E24BD9083 = {
			isa = PBXFileReference;
			lastKnownFileType = sourcecode.cpp.objcpp;
			name = "include_juce_dsp.mm";
			path = "../../JuceLibraryCode/include_juce_dsp.mm";
			sourceTree = "SOURCE_ROOT";
		};
		241407372E701A8F21C483F2 = {
			isa = PBXGroup;
			children = (
				1B0AA9DA13784FB8D86799CD,
				AD32013A67F7D28D631E4192,
				7542CC762CDEC66F26A961D1,
				C5AD5A4C2F9BBD687223BCFF,
			);
			name = AudioDSP;
			sourceTree = "<group>";
		};
		A6BBF79F6A1DBCBA0DDB4BCA = {
			isa = PBXGroup;
			children = (
				8FDC306A162E82782D4FEEBF,
				571D3B7DFDD2B3E2A18E7D9B,
				DE7AF34F8D93F376B78E8CB1,
				DB07A245D92414EC242B0773,
				241407372E701A8F21C483F2,
			);
			name = Source;
			sourceTree = "<group>";
		};
		BB3E0478B8FC676AE63EBA60 = {
			isa = PBXGroup;
			children = (
				A6BBF79F6A1DBCBA0DDB4BCA,
			);
			name = PedalModelling;
			sourceTree = "<group>";
		};
		93B6FC61047BD04D199E33D8 = {
			isa = PBXGroup;
			children = (
				5D962BB37B052C112897DB03,
				E852ECF205DE70F2B29E3CE6,
				2D5C606A2A745E59BB824937,
				DFF266123A71DF3E8409BD3F,
				672B2EC4C568062BF09ED73A,
				889D3450E84937EA9FFDECCA,
				9292ABC58F60035920EF6358,
				30D9A756D626A7AAA23D28CB,
				C1E681C700171A3BCE9177DA,
				37E1AEB0E36162C3ECDAF8DD,
				CD94841F2506A892D4107C66,
				0A6E52EB72E83C1E66999AF6,
				467CAF2FEF97068826FEB8AA,
			);
			name = "JUCE Modules";
			sourceTree = "<group>";
		};
		41D3AAA964CD98F2120CDB81 = {
			isa = PBXGroup;
			children = (
				32A2B15B7CAB888549ECFC80,
				AE9F0F2311A993F57630AB98,
				977B1CFB07944FC741DB3D0A,
				F01E559D82ED33F2D1593066,
				D0EF4E0A3C149927E0215C5C,
				9FC57E799DC3358F391643D3,
				110B0D18859A16348DADA9B4,
				54D3899BF2D5B0AB7AD98CA5,
				43373345EEEF18B547B99CC4,
				F66AC9D016EAF3752B9880BB,
				86988D96531AAAC899D3AB69,
				8F78F04F7DB1424D27DC4DD2,
				C08C821FAA5E8657197F09FA,
				B0A70FB1046E2EA1F6603077,
				FDBE8845DC0BC62E24BD9083,
				654F7C2BA35353579D02449F,
				A682B93B8DE3B915AABC21A0,
				843BB4E3A1C26C657C5E6873,
				A280B2FB15B453E141F826DB,
				36696363DCDCB1A74075509B,
				C6D5744E8E8C0C9030B518DC,
			);
			name = "JUCE Library Code";
			sourceTree = "<group>";
		};
		8BE8854F91FA70DA4F46789A = {
			isa = PBXGroup;
			children = (
				1F19E70F0B5006C6AB596F5F,
				23485116F508007DE21F6A09,
				9FD779116DEC23832ACD52F0,
				7CFC07C3D0F18A641849F548,
			);
			name = Resources;
			sourceTree = "<group>";
		};
		6E4760FEE5162765D33ACFFA = {
			isa = PBXGroup;
			children = (
				14C28614EA07D0FA664B8880,
				B38BC5A03BB4E5D95543635C,
				0D92B7C45D93BD6C03019355,
				C13117A9CBC7D2483FCBB6A7,
				24E73DFA418B12E40B95258D,
				33F9215A882732E2ACD89009,
				CA00660513BD6E801FD429C2,
				FCBF458703E0C9FD70D1C1D7,
				D92F2F95ECE88281469C705C,
				D5E034BBB18CC26F3B21A0AE,
				8F790997311E6C647C0E62A7,
				C204CEA5FC9E4598077049F3,
				A6DBB902AB36E4C5DC854337,
			);
			name = Frameworks;
			sourceTree = "<group>";
		};
		CD294EB9A43D05DB1AA62104 = {
			isa = PBXGroup;
			children = (
				76A33D682892F7ED944DB3A0,
				AE73C4295F2A709414C623AB,
				EBFF452A0544AFCB50B7C4D6,
				98C4616D63E553C9E737C926,
			);
			name = Products;
			sourceTree = "<group>";
		};
		B3DBFB24F2B9438CB3BE9382 = {
			isa = PBXGroup;
			children = (
				BB3E0478B8FC676AE63EBA60,
				93B6FC61047BD04D199E33D8,
				41D3AAA964CD98F2120CDB81,
				8BE8854F91FA70DA4F46789A,
				6E4760FEE5162765D33ACFFA,
				CD294EB9A43D05DB1AA62104,
			);
			name = Source;
			sourceTree = "<group>";
		};
		D1A801C1C4ABA63DF6D8D17A = {
			isa = PBXTargetDependency;
			target = 7E0F0645884B24BBFBDAB60F;
		};
		ED2E990B501B6A896F8C7AC5 = {
			isa = PBXTargetDependency;
			target = 8FC9DF9A2386A34E3A6BF22F;
		};
		89ACD127BB2F42E7034876D8 = {
			isa = PBXTargetDependency;
			target = 372A720FE36EC2AFCCB6A339;
		};
		0FD30AC82730351F2E8A6105 = {
			isa = PBXTargetDependency;
			target = 2049DE777588AE97E73EDF6A;
		};
		D90381AAE06511D1B686CE98 = {
			isa = PBXTargetDependency;
			target = 2049DE777588AE97E73EDF6A;
		};
		4E870F7E5A7A21FEA95BFE34 = {
			isa = PBXTargetDependency;
			target = 2049DE777588AE97E73EDF6A;
		};
		E94D44FA5483C4F92D73176D = {
			isa = PBXTargetDependency;
			target = 2049DE777588AE97E73EDF6A;
		};
		3A459450C5C6E7F3B6613427 = {
			isa = XCBuildConfiguration;
			buildSettings = {
				MACOSX_DEPLOYMENT_TARGET = 10.11;
				SDKROOT = macosx;
			};
			name = Debug;
		};
		A908A378268131E0971B44CA = {
			isa = XCBuildConfiguration;
			buildSettings = {
				MACOSX_DEPLOYMENT_TARGET = 10.11;
				SDKROOT = macosx;
			};
			name = Release;
		};
		B20B73F0A6CB201A50878E0C = {
			isa = XCBuildConfiguration;
			buildSettings = {
				CLANG_CXX_LANGUAGE_STANDARD = "c++14";
				CLANG_CXX_LIBRARY = "libc++";
				CLANG_LINK_OBJC_RUNTIME = NO;
				CODE_SIGN_IDENTITY = "";
				COMBINE_HIDPI_IMAGES = YES;
				CONFIGURATION_BUILD_DIR = "$(PROJECT_DIR)/build/$(CONFIGURATION)";
				COPY_PHASE_STRIP = NO;
				DEPLOYMENT_LOCATION = YES;
				DSTROOT = /;
				GCC_DYNAMIC_NO_PIC = NO;
				GCC_OPTIMIZATION_LEVEL = 0;
				GCC_PREPROCESSOR_DEFINITIONS = (
					"_DEBUG=1",
					"DEBUG=1",
					"JUCE_DISPLAY_SPLASH_SCREEN=1",
					"JUCE_USE_DARK_SPLASH_SCREEN=1",
					"JUCE_PROJUCER_VERSION=0x60007",
					"JUCE_MODULE_AVAILABLE_juce_audio_basics=1",
					"JUCE_MODULE_AVAILABLE_juce_audio_devices=1",
					"JUCE_MODULE_AVAILABLE_juce_audio_formats=1",
					"JUCE_MODULE_AVAILABLE_juce_audio_plugin_client=1",
					"JUCE_MODULE_AVAILABLE_juce_audio_processors=1",
					"JUCE_MODULE_AVAILABLE_juce_audio_utils=1",
					"JUCE_MODULE_AVAILABLE_juce_core=1",
					"JUCE_MODULE_AVAILABLE_juce_data_structures=1",
					"JUCE_MODULE_AVAILABLE_juce_dsp=1",
					"JUCE_MODULE_AVAILABLE_juce_events=1",
					"JUCE_MODULE_AVAILABLE_juce_graphics=1",
					"JUCE_MODULE_AVAILABLE_juce_gui_basics=1",
					"JUCE_MODULE_AVAILABLE_juce_gui_extra=1",
					"JUCE_GLOBAL_MODULE_SETTINGS_INCLUDED=1",
					"JUCE_VST3_CAN_REPLACE_VST2=0",
					"JUCE_STRICT_REFCOUNTEDPOINTER=1",
					"JucePlugin_Build_VST=0",
					"JucePlugin_Build_VST3=1",
					"JucePlugin_Build_AU=0",
					"JucePlugin_Build_AUv3=0",
					"JucePlugin_Build_RTAS=0",
					"JucePlugin_Build_AAX=0",
					"JucePlugin_Build_Standalone=0",
					"JucePlugin_Build_Unity=0",
					"JucePlugin_Enable_IAA=0",
					"JucePlugin_Name=\\\"PedalModelling\\\"",
					"JucePlugin_Desc=\\\"PedalModelling\\\"",
					"JucePlugin_Manufacturer=\\\"yourcompany\\\"",
					"JucePlugin_ManufacturerWebsite=\\\"\\\"",
					"JucePlugin_ManufacturerEmail=\\\"\\\"",
					"JucePlugin_ManufacturerCode=0x4d616e75",
					"JucePlugin_PluginCode=0x46396a39",
					"JucePlugin_IsSynth=0",
					"JucePlugin_WantsMidiInput=0",
					"JucePlugin_ProducesMidiOutput=0",
					"JucePlugin_IsMidiEffect=0",
					"JucePlugin_EditorRequiresKeyboardFocus=0",
					"JucePlugin_Version=1.0.0",
					"JucePlugin_VersionCode=0x10000",
					"JucePlugin_VersionString=\\\"1.0.0\\\"",
					"JucePlugin_VSTUniqueID=JucePlugin_PluginCode",
					"JucePlugin_VSTCategory=kPlugCategEffect",
					"JucePlugin_Vst3Category=\\\"Fx\\\"",
					"JucePlugin_AUMainType='aufx'",
					"JucePlugin_AUSubType=JucePlugin_PluginCode",
					"JucePlugin_AUExportPrefix=PedalModellingAU",
					"JucePlugin_AUExportPrefixQuoted=\\\"PedalModellingAU\\\"",
					"JucePlugin_AUManufacturerCode=JucePlugin_ManufacturerCode",
					"JucePlugin_CFBundleIdentifier=com.yourcompany.PedalModelling",
					"JucePlugin_RTASCategory=0",
					"JucePlugin_RTASManufacturerCode=JucePlugin_ManufacturerCode",
					"JucePlugin_RTASProductId=JucePlugin_PluginCode",
					"JucePlugin_RTASDisableBypass=0",
					"JucePlugin_RTASDisableMultiMono=0",
					"JucePlugin_AAXIdentifier=com.yourcompany.PedalModelling",
					"JucePlugin_AAXManufacturerCode=JucePlugin_ManufacturerCode",
					"JucePlugin_AAXProductId=JucePlugin_PluginCode",
					"JucePlugin_AAXCategory=0",
					"JucePlugin_AAXDisableBypass=0",
					"JucePlugin_AAXDisableMultiMono=0",
					"JucePlugin_IAAType=0x61757278",
					"JucePlugin_IAASubType=JucePlugin_PluginCode",
					"JucePlugin_IAAName=\\\"yourcompany:\\ PedalModelling\\\"",
					"JucePlugin_VSTNumMidiInputs=16",
					"JucePlugin_VSTNumMidiOutputs=16",
					"JUCE_STANDALONE_APPLICATION=JucePlugin_Build_Standalone",
					"JUCER_XCODE_MAC_F6D2F4CF=1",
					"JUCE_APP_VERSION=1.0.0",
					"JUCE_APP_VERSION_HEX=0x10000",
				);
				GCC_VERSION = com.apple.compilers.llvm.clang.1_0;
				GENERATE_PKGINFO_FILE = YES;
				HEADER_SEARCH_PATHS = (
					"/Users/Richie/Desktop/JuceProjects/JUCE/modules/juce_audio_processors/format_types/VST3_SDK",
					"$(SRCROOT)/../../JuceLibraryCode",
					"/Users/Richie/Desktop/JuceProjects/JUCE/modules",
					"/Users/Richie/Desktop/JuceProjects/JUCE/modules/juce_audio_plugin_client",
					"$(inherited)",
				);
				INFOPLIST_FILE = Info-VST3.plist;
				INFOPLIST_PREPROCESS = NO;
				INSTALL_PATH = "$(HOME)/Library/Audio/Plug-Ins/VST3/";
				LIBRARY_STYLE = Bundle;
				MACOSX_DEPLOYMENT_TARGET = 10.11;
				MTL_HEADER_SEARCH_PATHS = (
					"/Users/Richie/Desktop/JuceProjects/JUCE/modules/juce_audio_processors/format_types/VST3_SDK",
					"$(SRCROOT)/../../JuceLibraryCode",
					"/Users/Richie/Desktop/JuceProjects/JUCE/modules",
					"/Users/Richie/Desktop/JuceProjects/JUCE/modules/juce_audio_plugin_client",
				);
				OTHER_LDFLAGS = "-bundle -lPedalModelling";
				PRODUCT_BUNDLE_IDENTIFIER = com.yourcompany.PedalModelling;
				PRODUCT_NAME = "PedalModelling";
				USE_HEADERMAP = NO;
				VALID_ARCHS = "i386 x86_64 arm64 arm64e";
				WRAPPER_EXTENSION = vst3;
			};
			name = Debug;
		};
		BE37AFAFFE392881E057BA0D = {
			isa = XCBuildConfiguration;
			buildSettings = {
				CLANG_CXX_LANGUAGE_STANDARD = "c++14";
				CLANG_CXX_LIBRARY = "libc++";
				CLANG_LINK_OBJC_RUNTIME = NO;
				CODE_SIGN_IDENTITY = "";
				COMBINE_HIDPI_IMAGES = YES;
				CONFIGURATION_BUILD_DIR = "$(PROJECT_DIR)/build/$(CONFIGURATION)";
				DEAD_CODE_STRIPPING = YES;
				DEPLOYMENT_LOCATION = YES;
				DSTROOT = /;
				GCC_GENERATE_DEBUGGING_SYMBOLS = NO;
				GCC_OPTIMIZATION_LEVEL = 3;
				GCC_PREPROCESSOR_DEFINITIONS = (
					"_NDEBUG=1",
					"NDEBUG=1",
					"JUCE_DISPLAY_SPLASH_SCREEN=1",
					"JUCE_USE_DARK_SPLASH_SCREEN=1",
					"JUCE_PROJUCER_VERSION=0x60007",
					"JUCE_MODULE_AVAILABLE_juce_audio_basics=1",
					"JUCE_MODULE_AVAILABLE_juce_audio_devices=1",
					"JUCE_MODULE_AVAILABLE_juce_audio_formats=1",
					"JUCE_MODULE_AVAILABLE_juce_audio_plugin_client=1",
					"JUCE_MODULE_AVAILABLE_juce_audio_processors=1",
					"JUCE_MODULE_AVAILABLE_juce_audio_utils=1",
					"JUCE_MODULE_AVAILABLE_juce_core=1",
					"JUCE_MODULE_AVAILABLE_juce_data_structures=1",
					"JUCE_MODULE_AVAILABLE_juce_dsp=1",
					"JUCE_MODULE_AVAILABLE_juce_events=1",
					"JUCE_MODULE_AVAILABLE_juce_graphics=1",
					"JUCE_MODULE_AVAILABLE_juce_gui_basics=1",
					"JUCE_MODULE_AVAILABLE_juce_gui_extra=1",
					"JUCE_GLOBAL_MODULE_SETTINGS_INCLUDED=1",
					"JUCE_VST3_CAN_REPLACE_VST2=0",
					"JUCE_STRICT_REFCOUNTEDPOINTER=1",
					"JucePlugin_Build_VST=0",
					"JucePlugin_Build_VST3=1",
					"JucePlugin_Build_AU=0",
					"JucePlugin_Build_AUv3=0",
					"JucePlugin_Build_RTAS=0",
					"JucePlugin_Build_AAX=0",
					"JucePlugin_Build_Standalone=0",
					"JucePlugin_Build_Unity=0",
					"JucePlugin_Enable_IAA=0",
					"JucePlugin_Name=\\\"PedalModelling\\\"",
					"JucePlugin_Desc=\\\"PedalModelling\\\"",
					"JucePlugin_Manufacturer=\\\"yourcompany\\\"",
					"JucePlugin_ManufacturerWebsite=\\\"\\\"",
					"JucePlugin_ManufacturerEmail=\\\"\\\"",
					"JucePlugin_ManufacturerCode=0x4d616e75",
					"JucePlugin_PluginCode=0x46396a39",
					"JucePlugin_IsSynth=0",
					"JucePlugin_WantsMidiInput=0",
					"JucePlugin_ProducesMidiOutput=0",
					"JucePlugin_IsMidiEffect=0",
					"JucePlugin_EditorRequiresKeyboardFocus=0",
					"JucePlugin_Version=1.0.0",
					"JucePlugin_VersionCode=0x10000",
					"JucePlugin_VersionString=\\\"1.0.0\\\"",
					"JucePlugin_VSTUniqueID=JucePlugin_PluginCode",
					"JucePlugin_VSTCategory=kPlugCategEffect",
					"JucePlugin_Vst3Category=\\\"Fx\\\"",
					"JucePlugin_AUMainType='aufx'",
					"JucePlugin_AUSubType=JucePlugin_PluginCode",
					"JucePlugin_AUExportPrefix=PedalModellingAU",
					"JucePlugin_AUExportPrefixQuoted=\\\"PedalModellingAU\\\"",
					"JucePlugin_AUManufacturerCode=JucePlugin_ManufacturerCode",
					"JucePlugin_CFBundleIdentifier=com.yourcompany.PedalModelling",
					"JucePlugin_RTASCategory=0",
					"JucePlugin_RTASManufacturerCode=JucePlugin_ManufacturerCode",
					"JucePlugin_RTASProductId=JucePlugin_PluginCode",
					"JucePlugin_RTASDisableBypass=0",
					"JucePlugin_RTASDisableMultiMono=0",
					"JucePlugin_AAXIdentifier=com.yourcompany.PedalModelling",
					"JucePlugin_AAXManufacturerCode=JucePlugin_ManufacturerCode",
					"JucePlugin_AAXProductId=JucePlugin_PluginCode",
					"JucePlugin_AAXCategory=0",
					"JucePlugin_AAXDisableBypass=0",
					"JucePlugin_AAXDisableMultiMono=0",
					"JucePlugin_IAAType=0x61757278",
					"JucePlugin_IAASubType=JucePlugin_PluginCode",
					"JucePlugin_IAAName=\\\"yourcompany:\\ PedalModelling\\\"",
					"JucePlugin_VSTNumMidiInputs=16",
					"JucePlugin_VSTNumMidiOutputs=16",
					"JUCE_STANDALONE_APPLICATION=JucePlugin_Build_Standalone",
					"JUCER_XCODE_MAC_F6D2F4CF=1",
					"JUCE_APP_VERSION=1.0.0",
					"JUCE_APP_VERSION_HEX=0x10000",
				);
				GCC_VERSION = com.apple.compilers.llvm.clang.1_0;
				GENERATE_PKGINFO_FILE = YES;
				HEADER_SEARCH_PATHS = (
					"/Users/Richie/Desktop/JuceProjects/JUCE/modules/juce_audio_processors/format_types/VST3_SDK",
					"$(SRCROOT)/../../JuceLibraryCode",
					"/Users/Richie/Desktop/JuceProjects/JUCE/modules",
					"/Users/Richie/Desktop/JuceProjects/JUCE/modules/juce_audio_plugin_client",
					"$(inherited)",
				);
				INFOPLIST_FILE = Info-VST3.plist;
				INFOPLIST_PREPROCESS = NO;
				INSTALL_PATH = "$(HOME)/Library/Audio/Plug-Ins/VST3/";
				LIBRARY_STYLE = Bundle;
				LLVM_LTO = YES;
				MACOSX_DEPLOYMENT_TARGET = 10.11;
				MTL_HEADER_SEARCH_PATHS = (
					"/Users/Richie/Desktop/JuceProjects/JUCE/modules/juce_audio_processors/format_types/VST3_SDK",
					"$(SRCROOT)/../../JuceLibraryCode",
					"/Users/Richie/Desktop/JuceProjects/JUCE/modules",
					"/Users/Richie/Desktop/JuceProjects/JUCE/modules/juce_audio_plugin_client",
				);
				OTHER_LDFLAGS = "-bundle -lPedalModelling";
				PRODUCT_BUNDLE_IDENTIFIER = com.yourcompany.PedalModelling;
				PRODUCT_NAME = "PedalModelling";
				USE_HEADERMAP = NO;
				VALID_ARCHS = "i386 x86_64 arm64 arm64e";
				WRAPPER_EXTENSION = vst3;
			};
			name = Release;
		};
		F37366FCAF760F834FF63DF7 = {
			isa = XCBuildConfiguration;
			buildSettings = {
				CLANG_CXX_LANGUAGE_STANDARD = "c++14";
				CLANG_CXX_LIBRARY = "libc++";
				CLANG_LINK_OBJC_RUNTIME = NO;
				CODE_SIGN_IDENTITY = "";
				COMBINE_HIDPI_IMAGES = YES;
				CONFIGURATION_BUILD_DIR = "$(PROJECT_DIR)/build/$(CONFIGURATION)";
				COPY_PHASE_STRIP = NO;
				DEPLOYMENT_LOCATION = YES;
				DSTROOT = /;
				GCC_DYNAMIC_NO_PIC = NO;
				GCC_OPTIMIZATION_LEVEL = 0;
				GCC_PREPROCESSOR_DEFINITIONS = (
					"_DEBUG=1",
					"DEBUG=1",
					"JUCE_DISPLAY_SPLASH_SCREEN=1",
					"JUCE_USE_DARK_SPLASH_SCREEN=1",
					"JUCE_PROJUCER_VERSION=0x60007",
					"JUCE_MODULE_AVAILABLE_juce_audio_basics=1",
					"JUCE_MODULE_AVAILABLE_juce_audio_devices=1",
					"JUCE_MODULE_AVAILABLE_juce_audio_formats=1",
					"JUCE_MODULE_AVAILABLE_juce_audio_plugin_client=1",
					"JUCE_MODULE_AVAILABLE_juce_audio_processors=1",
					"JUCE_MODULE_AVAILABLE_juce_audio_utils=1",
					"JUCE_MODULE_AVAILABLE_juce_core=1",
					"JUCE_MODULE_AVAILABLE_juce_data_structures=1",
					"JUCE_MODULE_AVAILABLE_juce_dsp=1",
					"JUCE_MODULE_AVAILABLE_juce_events=1",
					"JUCE_MODULE_AVAILABLE_juce_graphics=1",
					"JUCE_MODULE_AVAILABLE_juce_gui_basics=1",
					"JUCE_MODULE_AVAILABLE_juce_gui_extra=1",
					"JUCE_GLOBAL_MODULE_SETTINGS_INCLUDED=1",
					"JUCE_VST3_CAN_REPLACE_VST2=0",
					"JUCE_STRICT_REFCOUNTEDPOINTER=1",
					"JucePlugin_Build_VST=0",
					"JucePlugin_Build_VST3=0",
					"JucePlugin_Build_AU=1",
					"JucePlugin_Build_AUv3=0",
					"JucePlugin_Build_RTAS=0",
					"JucePlugin_Build_AAX=0",
					"JucePlugin_Build_Standalone=0",
					"JucePlugin_Build_Unity=0",
					"JucePlugin_Enable_IAA=0",
					"JucePlugin_Name=\\\"PedalModelling\\\"",
					"JucePlugin_Desc=\\\"PedalModelling\\\"",
					"JucePlugin_Manufacturer=\\\"yourcompany\\\"",
					"JucePlugin_ManufacturerWebsite=\\\"\\\"",
					"JucePlugin_ManufacturerEmail=\\\"\\\"",
					"JucePlugin_ManufacturerCode=0x4d616e75",
					"JucePlugin_PluginCode=0x46396a39",
					"JucePlugin_IsSynth=0",
					"JucePlugin_WantsMidiInput=0",
					"JucePlugin_ProducesMidiOutput=0",
					"JucePlugin_IsMidiEffect=0",
					"JucePlugin_EditorRequiresKeyboardFocus=0",
					"JucePlugin_Version=1.0.0",
					"JucePlugin_VersionCode=0x10000",
					"JucePlugin_VersionString=\\\"1.0.0\\\"",
					"JucePlugin_VSTUniqueID=JucePlugin_PluginCode",
					"JucePlugin_VSTCategory=kPlugCategEffect",
					"JucePlugin_Vst3Category=\\\"Fx\\\"",
					"JucePlugin_AUMainType='aufx'",
					"JucePlugin_AUSubType=JucePlugin_PluginCode",
					"JucePlugin_AUExportPrefix=PedalModellingAU",
					"JucePlugin_AUExportPrefixQuoted=\\\"PedalModellingAU\\\"",
					"JucePlugin_AUManufacturerCode=JucePlugin_ManufacturerCode",
					"JucePlugin_CFBundleIdentifier=com.yourcompany.PedalModelling",
					"JucePlugin_RTASCategory=0",
					"JucePlugin_RTASManufacturerCode=JucePlugin_ManufacturerCode",
					"JucePlugin_RTASProductId=JucePlugin_PluginCode",
					"JucePlugin_RTASDisableBypass=0",
					"JucePlugin_RTASDisableMultiMono=0",
					"JucePlugin_AAXIdentifier=com.yourcompany.PedalModelling",
					"JucePlugin_AAXManufacturerCode=JucePlugin_ManufacturerCode",
					"JucePlugin_AAXProductId=JucePlugin_PluginCode",
					"JucePlugin_AAXCategory=0",
					"JucePlugin_AAXDisableBypass=0",
					"JucePlugin_AAXDisableMultiMono=0",
					"JucePlugin_IAAType=0x61757278",
					"JucePlugin_IAASubType=JucePlugin_PluginCode",
					"JucePlugin_IAAName=\\\"yourcompany:\\ PedalModelling\\\"",
					"JucePlugin_VSTNumMidiInputs=16",
					"JucePlugin_VSTNumMidiOutputs=16",
					"JUCE_STANDALONE_APPLICATION=JucePlugin_Build_Standalone",
					"JUCER_XCODE_MAC_F6D2F4CF=1",
					"JUCE_APP_VERSION=1.0.0",
					"JUCE_APP_VERSION_HEX=0x10000",
				);
				GCC_VERSION = com.apple.compilers.llvm.clang.1_0;
				GENERATE_PKGINFO_FILE = YES;
				HEADER_SEARCH_PATHS = (
					"/Users/Richie/Desktop/JuceProjects/JUCE/modules/juce_audio_processors/format_types/VST3_SDK",
					"$(SRCROOT)/../../JuceLibraryCode",
					"/Users/Richie/Desktop/JuceProjects/JUCE/modules",
					"/Users/Richie/Desktop/JuceProjects/JUCE/modules/juce_audio_plugin_client",
					"$(inherited)",
				);
				INFOPLIST_FILE = Info-AU.plist;
				INFOPLIST_PREPROCESS = NO;
				INSTALL_PATH = "$(HOME)/Library/Audio/Plug-Ins/Components/";
				LIBRARY_STYLE = Bundle;
				MACOSX_DEPLOYMENT_TARGET = 10.11;
				MTL_HEADER_SEARCH_PATHS = (
					"/Users/Richie/Desktop/JuceProjects/JUCE/modules/juce_audio_processors/format_types/VST3_SDK",
					"$(SRCROOT)/../../JuceLibraryCode",
					"/Users/Richie/Desktop/JuceProjects/JUCE/modules",
					"/Users/Richie/Desktop/JuceProjects/JUCE/modules/juce_audio_plugin_client",
				);
				OTHER_LDFLAGS = "-bundle -lPedalModelling";
				OTHER_REZFLAGS = "-d ppc_$ppc -d i386_$i386 -d ppc64_$ppc64 -d x86_64_$x86_64 -I /System/Library/Frameworks/CoreServices.framework/Frameworks/CarbonCore.framework/Versions/A/Headers -I \"$(DEVELOPER_DIR)/Extras/CoreAudio/AudioUnits/AUPublic/AUBase\" -I \"$(DEVELOPER_DIR)/Platforms/MacOSX.platform/Developer/SDKs/MacOSX.sdk/System/Library/Frameworks/AudioUnit.framework/Headers\"";
				PRODUCT_BUNDLE_IDENTIFIER = com.yourcompany.PedalModelling;
				PRODUCT_NAME = "PedalModelling";
				USE_HEADERMAP = NO;
				VALID_ARCHS = "i386 x86_64 arm64 arm64e";
				WRAPPER_EXTENSION = component;
			};
			name = Debug;
		};
		BA504925604B3AFB8A974FE4 = {
			isa = XCBuildConfiguration;
			buildSettings = {
				CLANG_CXX_LANGUAGE_STANDARD = "c++14";
				CLANG_CXX_LIBRARY = "libc++";
				CLANG_LINK_OBJC_RUNTIME = NO;
				CODE_SIGN_IDENTITY = "";
				COMBINE_HIDPI_IMAGES = YES;
				CONFIGURATION_BUILD_DIR = "$(PROJECT_DIR)/build/$(CONFIGURATION)";
				DEAD_CODE_STRIPPING = YES;
				DEPLOYMENT_LOCATION = YES;
				DSTROOT = /;
				GCC_GENERATE_DEBUGGING_SYMBOLS = NO;
				GCC_OPTIMIZATION_LEVEL = 3;
				GCC_PREPROCESSOR_DEFINITIONS = (
					"_NDEBUG=1",
					"NDEBUG=1",
					"JUCE_DISPLAY_SPLASH_SCREEN=1",
					"JUCE_USE_DARK_SPLASH_SCREEN=1",
					"JUCE_PROJUCER_VERSION=0x60007",
					"JUCE_MODULE_AVAILABLE_juce_audio_basics=1",
					"JUCE_MODULE_AVAILABLE_juce_audio_devices=1",
					"JUCE_MODULE_AVAILABLE_juce_audio_formats=1",
					"JUCE_MODULE_AVAILABLE_juce_audio_plugin_client=1",
					"JUCE_MODULE_AVAILABLE_juce_audio_processors=1",
					"JUCE_MODULE_AVAILABLE_juce_audio_utils=1",
					"JUCE_MODULE_AVAILABLE_juce_core=1",
					"JUCE_MODULE_AVAILABLE_juce_data_structures=1",
					"JUCE_MODULE_AVAILABLE_juce_dsp=1",
					"JUCE_MODULE_AVAILABLE_juce_events=1",
					"JUCE_MODULE_AVAILABLE_juce_graphics=1",
					"JUCE_MODULE_AVAILABLE_juce_gui_basics=1",
					"JUCE_MODULE_AVAILABLE_juce_gui_extra=1",
					"JUCE_GLOBAL_MODULE_SETTINGS_INCLUDED=1",
					"JUCE_VST3_CAN_REPLACE_VST2=0",
					"JUCE_STRICT_REFCOUNTEDPOINTER=1",
					"JucePlugin_Build_VST=0",
					"JucePlugin_Build_VST3=0",
					"JucePlugin_Build_AU=1",
					"JucePlugin_Build_AUv3=0",
					"JucePlugin_Build_RTAS=0",
					"JucePlugin_Build_AAX=0",
					"JucePlugin_Build_Standalone=0",
					"JucePlugin_Build_Unity=0",
					"JucePlugin_Enable_IAA=0",
					"JucePlugin_Name=\\\"PedalModelling\\\"",
					"JucePlugin_Desc=\\\"PedalModelling\\\"",
					"JucePlugin_Manufacturer=\\\"yourcompany\\\"",
					"JucePlugin_ManufacturerWebsite=\\\"\\\"",
					"JucePlugin_ManufacturerEmail=\\\"\\\"",
					"JucePlugin_ManufacturerCode=0x4d616e75",
					"JucePlugin_PluginCode=0x46396a39",
					"JucePlugin_IsSynth=0",
					"JucePlugin_WantsMidiInput=0",
					"JucePlugin_ProducesMidiOutput=0",
					"JucePlugin_IsMidiEffect=0",
					"JucePlugin_EditorRequiresKeyboardFocus=0",
					"JucePlugin_Version=1.0.0",
					"JucePlugin_VersionCode=0x10000",
					"JucePlugin_VersionString=\\\"1.0.0\\\"",
					"JucePlugin_VSTUniqueID=JucePlugin_PluginCode",
					"JucePlugin_VSTCategory=kPlugCategEffect",
					"JucePlugin_Vst3Category=\\\"Fx\\\"",
					"JucePlugin_AUMainType='aufx'",
					"JucePlugin_AUSubType=JucePlugin_PluginCode",
					"JucePlugin_AUExportPrefix=PedalModellingAU",
					"JucePlugin_AUExportPrefixQuoted=\\\"PedalModellingAU\\\"",
					"JucePlugin_AUManufacturerCode=JucePlugin_ManufacturerCode",
					"JucePlugin_CFBundleIdentifier=com.yourcompany.PedalModelling",
					"JucePlugin_RTASCategory=0",
					"JucePlugin_RTASManufacturerCode=JucePlugin_ManufacturerCode",
					"JucePlugin_RTASProductId=JucePlugin_PluginCode",
					"JucePlugin_RTASDisableBypass=0",
					"JucePlugin_RTASDisableMultiMono=0",
					"JucePlugin_AAXIdentifier=com.yourcompany.PedalModelling",
					"JucePlugin_AAXManufacturerCode=JucePlugin_ManufacturerCode",
					"JucePlugin_AAXProductId=JucePlugin_PluginCode",
					"JucePlugin_AAXCategory=0",
					"JucePlugin_AAXDisableBypass=0",
					"JucePlugin_AAXDisableMultiMono=0",
					"JucePlugin_IAAType=0x61757278",
					"JucePlugin_IAASubType=JucePlugin_PluginCode",
					"JucePlugin_IAAName=\\\"yourcompany:\\ PedalModelling\\\"",
					"JucePlugin_VSTNumMidiInputs=16",
					"JucePlugin_VSTNumMidiOutputs=16",
					"JUCE_STANDALONE_APPLICATION=JucePlugin_Build_Standalone",
					"JUCER_XCODE_MAC_F6D2F4CF=1",
					"JUCE_APP_VERSION=1.0.0",
					"JUCE_APP_VERSION_HEX=0x10000",
				);
				GCC_VERSION = com.apple.compilers.llvm.clang.1_0;
				GENERATE_PKGINFO_FILE = YES;
				HEADER_SEARCH_PATHS = (
					"/Users/Richie/Desktop/JuceProjects/JUCE/modules/juce_audio_processors/format_types/VST3_SDK",
					"$(SRCROOT)/../../JuceLibraryCode",
					"/Users/Richie/Desktop/JuceProjects/JUCE/modules",
					"/Users/Richie/Desktop/JuceProjects/JUCE/modules/juce_audio_plugin_client",
					"$(inherited)",
				);
				INFOPLIST_FILE = Info-AU.plist;
				INFOPLIST_PREPROCESS = NO;
				INSTALL_PATH = "$(HOME)/Library/Audio/Plug-Ins/Components/";
				LIBRARY_STYLE = Bundle;
				LLVM_LTO = YES;
				MACOSX_DEPLOYMENT_TARGET = 10.11;
				MTL_HEADER_SEARCH_PATHS = (
					"/Users/Richie/Desktop/JuceProjects/JUCE/modules/juce_audio_processors/format_types/VST3_SDK",
					"$(SRCROOT)/../../JuceLibraryCode",
					"/Users/Richie/Desktop/JuceProjects/JUCE/modules",
					"/Users/Richie/Desktop/JuceProjects/JUCE/modules/juce_audio_plugin_client",
				);
				OTHER_LDFLAGS = "-bundle -lPedalModelling";
				OTHER_REZFLAGS = "-d ppc_$ppc -d i386_$i386 -d ppc64_$ppc64 -d x86_64_$x86_64 -I /System/Library/Frameworks/CoreServices.framework/Frameworks/CarbonCore.framework/Versions/A/Headers -I \"$(DEVELOPER_DIR)/Extras/CoreAudio/AudioUnits/AUPublic/AUBase\" -I \"$(DEVELOPER_DIR)/Platforms/MacOSX.platform/Developer/SDKs/MacOSX.sdk/System/Library/Frameworks/AudioUnit.framework/Headers\"";
				PRODUCT_BUNDLE_IDENTIFIER = com.yourcompany.PedalModelling;
				PRODUCT_NAME = "PedalModelling";
				USE_HEADERMAP = NO;
				VALID_ARCHS = "i386 x86_64 arm64 arm64e";
				WRAPPER_EXTENSION = component;
			};
			name = Release;
		};
		E78AC0C14B52009A7D0F0176 = {
			isa = XCBuildConfiguration;
			buildSettings = {
				CLANG_CXX_LANGUAGE_STANDARD = "c++14";
				CLANG_CXX_LIBRARY = "libc++";
				CLANG_LINK_OBJC_RUNTIME = NO;
				CODE_SIGN_IDENTITY = "";
				COMBINE_HIDPI_IMAGES = YES;
				CONFIGURATION_BUILD_DIR = "$(PROJECT_DIR)/build/$(CONFIGURATION)";
				COPY_PHASE_STRIP = NO;
				GCC_DYNAMIC_NO_PIC = NO;
				GCC_OPTIMIZATION_LEVEL = 0;
				GCC_PREPROCESSOR_DEFINITIONS = (
					"_DEBUG=1",
					"DEBUG=1",
					"JUCE_DISPLAY_SPLASH_SCREEN=1",
					"JUCE_USE_DARK_SPLASH_SCREEN=1",
					"JUCE_PROJUCER_VERSION=0x60007",
					"JUCE_MODULE_AVAILABLE_juce_audio_basics=1",
					"JUCE_MODULE_AVAILABLE_juce_audio_devices=1",
					"JUCE_MODULE_AVAILABLE_juce_audio_formats=1",
					"JUCE_MODULE_AVAILABLE_juce_audio_plugin_client=1",
					"JUCE_MODULE_AVAILABLE_juce_audio_processors=1",
					"JUCE_MODULE_AVAILABLE_juce_audio_utils=1",
					"JUCE_MODULE_AVAILABLE_juce_core=1",
					"JUCE_MODULE_AVAILABLE_juce_data_structures=1",
					"JUCE_MODULE_AVAILABLE_juce_dsp=1",
					"JUCE_MODULE_AVAILABLE_juce_events=1",
					"JUCE_MODULE_AVAILABLE_juce_graphics=1",
					"JUCE_MODULE_AVAILABLE_juce_gui_basics=1",
					"JUCE_MODULE_AVAILABLE_juce_gui_extra=1",
					"JUCE_GLOBAL_MODULE_SETTINGS_INCLUDED=1",
					"JUCE_VST3_CAN_REPLACE_VST2=0",
					"JUCE_STRICT_REFCOUNTEDPOINTER=1",
					"JucePlugin_Build_VST=0",
					"JucePlugin_Build_VST3=0",
					"JucePlugin_Build_AU=0",
					"JucePlugin_Build_AUv3=0",
					"JucePlugin_Build_RTAS=0",
					"JucePlugin_Build_AAX=0",
					"JucePlugin_Build_Standalone=1",
					"JucePlugin_Build_Unity=0",
					"JucePlugin_Enable_IAA=0",
					"JucePlugin_Name=\\\"PedalModelling\\\"",
					"JucePlugin_Desc=\\\"PedalModelling\\\"",
					"JucePlugin_Manufacturer=\\\"yourcompany\\\"",
					"JucePlugin_ManufacturerWebsite=\\\"\\\"",
					"JucePlugin_ManufacturerEmail=\\\"\\\"",
					"JucePlugin_ManufacturerCode=0x4d616e75",
					"JucePlugin_PluginCode=0x46396a39",
					"JucePlugin_IsSynth=0",
					"JucePlugin_WantsMidiInput=0",
					"JucePlugin_ProducesMidiOutput=0",
					"JucePlugin_IsMidiEffect=0",
					"JucePlugin_EditorRequiresKeyboardFocus=0",
					"JucePlugin_Version=1.0.0",
					"JucePlugin_VersionCode=0x10000",
					"JucePlugin_VersionString=\\\"1.0.0\\\"",
					"JucePlugin_VSTUniqueID=JucePlugin_PluginCode",
					"JucePlugin_VSTCategory=kPlugCategEffect",
					"JucePlugin_Vst3Category=\\\"Fx\\\"",
					"JucePlugin_AUMainType='aufx'",
					"JucePlugin_AUSubType=JucePlugin_PluginCode",
					"JucePlugin_AUExportPrefix=PedalModellingAU",
					"JucePlugin_AUExportPrefixQuoted=\\\"PedalModellingAU\\\"",
					"JucePlugin_AUManufacturerCode=JucePlugin_ManufacturerCode",
					"JucePlugin_CFBundleIdentifier=com.yourcompany.PedalModelling",
					"JucePlugin_RTASCategory=0",
					"JucePlugin_RTASManufacturerCode=JucePlugin_ManufacturerCode",
					"JucePlugin_RTASProductId=JucePlugin_PluginCode",
					"JucePlugin_RTASDisableBypass=0",
					"JucePlugin_RTASDisableMultiMono=0",
					"JucePlugin_AAXIdentifier=com.yourcompany.PedalModelling",
					"JucePlugin_AAXManufacturerCode=JucePlugin_ManufacturerCode",
					"JucePlugin_AAXProductId=JucePlugin_PluginCode",
					"JucePlugin_AAXCategory=0",
					"JucePlugin_AAXDisableBypass=0",
					"JucePlugin_AAXDisableMultiMono=0",
					"JucePlugin_IAAType=0x61757278",
					"JucePlugin_IAASubType=JucePlugin_PluginCode",
					"JucePlugin_IAAName=\\\"yourcompany:\\ PedalModelling\\\"",
					"JucePlugin_VSTNumMidiInputs=16",
					"JucePlugin_VSTNumMidiOutputs=16",
					"JUCE_STANDALONE_APPLICATION=JucePlugin_Build_Standalone",
					"JUCER_XCODE_MAC_F6D2F4CF=1",
					"JUCE_APP_VERSION=1.0.0",
					"JUCE_APP_VERSION_HEX=0x10000",
				);
				GCC_VERSION = com.apple.compilers.llvm.clang.1_0;
				HEADER_SEARCH_PATHS = (
					"/Users/Richie/Desktop/JuceProjects/JUCE/modules/juce_audio_processors/format_types/VST3_SDK",
					"$(SRCROOT)/../../JuceLibraryCode",
					"/Users/Richie/Desktop/JuceProjects/JUCE/modules",
					"/Users/Richie/Desktop/JuceProjects/JUCE/modules/juce_audio_plugin_client",
					"$(inherited)",
				);
				INFOPLIST_FILE = Info-Standalone_Plugin.plist;
				INFOPLIST_PREPROCESS = NO;
				MACOSX_DEPLOYMENT_TARGET = 10.11;
				MTL_HEADER_SEARCH_PATHS = (
					"/Users/Richie/Desktop/JuceProjects/JUCE/modules/juce_audio_processors/format_types/VST3_SDK",
					"$(SRCROOT)/../../JuceLibraryCode",
					"/Users/Richie/Desktop/JuceProjects/JUCE/modules",
					"/Users/Richie/Desktop/JuceProjects/JUCE/modules/juce_audio_plugin_client",
				);
				OTHER_LDFLAGS = "-lPedalModelling";
				PRODUCT_BUNDLE_IDENTIFIER = com.yourcompany.PedalModelling;
				PRODUCT_NAME = "PedalModelling";
				USE_HEADERMAP = NO;
				VALID_ARCHS = "i386 x86_64 arm64 arm64e";
			};
			name = Debug;
		};
		BE65D74466A90F2382F6E083 = {
			isa = XCBuildConfiguration;
			buildSettings = {
				CLANG_CXX_LANGUAGE_STANDARD = "c++14";
				CLANG_CXX_LIBRARY = "libc++";
				CLANG_LINK_OBJC_RUNTIME = NO;
				CODE_SIGN_IDENTITY = "";
				COMBINE_HIDPI_IMAGES = YES;
				CONFIGURATION_BUILD_DIR = "$(PROJECT_DIR)/build/$(CONFIGURATION)";
				DEAD_CODE_STRIPPING = YES;
				GCC_GENERATE_DEBUGGING_SYMBOLS = NO;
				GCC_OPTIMIZATION_LEVEL = 3;
				GCC_PREPROCESSOR_DEFINITIONS = (
					"_NDEBUG=1",
					"NDEBUG=1",
					"JUCE_DISPLAY_SPLASH_SCREEN=1",
					"JUCE_USE_DARK_SPLASH_SCREEN=1",
					"JUCE_PROJUCER_VERSION=0x60007",
					"JUCE_MODULE_AVAILABLE_juce_audio_basics=1",
					"JUCE_MODULE_AVAILABLE_juce_audio_devices=1",
					"JUCE_MODULE_AVAILABLE_juce_audio_formats=1",
					"JUCE_MODULE_AVAILABLE_juce_audio_plugin_client=1",
					"JUCE_MODULE_AVAILABLE_juce_audio_processors=1",
					"JUCE_MODULE_AVAILABLE_juce_audio_utils=1",
					"JUCE_MODULE_AVAILABLE_juce_core=1",
					"JUCE_MODULE_AVAILABLE_juce_data_structures=1",
					"JUCE_MODULE_AVAILABLE_juce_dsp=1",
					"JUCE_MODULE_AVAILABLE_juce_events=1",
					"JUCE_MODULE_AVAILABLE_juce_graphics=1",
					"JUCE_MODULE_AVAILABLE_juce_gui_basics=1",
					"JUCE_MODULE_AVAILABLE_juce_gui_extra=1",
					"JUCE_GLOBAL_MODULE_SETTINGS_INCLUDED=1",
					"JUCE_VST3_CAN_REPLACE_VST2=0",
					"JUCE_STRICT_REFCOUNTEDPOINTER=1",
					"JucePlugin_Build_VST=0",
					"JucePlugin_Build_VST3=0",
					"JucePlugin_Build_AU=0",
					"JucePlugin_Build_AUv3=0",
					"JucePlugin_Build_RTAS=0",
					"JucePlugin_Build_AAX=0",
					"JucePlugin_Build_Standalone=1",
					"JucePlugin_Build_Unity=0",
					"JucePlugin_Enable_IAA=0",
					"JucePlugin_Name=\\\"PedalModelling\\\"",
					"JucePlugin_Desc=\\\"PedalModelling\\\"",
					"JucePlugin_Manufacturer=\\\"yourcompany\\\"",
					"JucePlugin_ManufacturerWebsite=\\\"\\\"",
					"JucePlugin_ManufacturerEmail=\\\"\\\"",
					"JucePlugin_ManufacturerCode=0x4d616e75",
					"JucePlugin_PluginCode=0x46396a39",
					"JucePlugin_IsSynth=0",
					"JucePlugin_WantsMidiInput=0",
					"JucePlugin_ProducesMidiOutput=0",
					"JucePlugin_IsMidiEffect=0",
					"JucePlugin_EditorRequiresKeyboardFocus=0",
					"JucePlugin_Version=1.0.0",
					"JucePlugin_VersionCode=0x10000",
					"JucePlugin_VersionString=\\\"1.0.0\\\"",
					"JucePlugin_VSTUniqueID=JucePlugin_PluginCode",
					"JucePlugin_VSTCategory=kPlugCategEffect",
					"JucePlugin_Vst3Category=\\\"Fx\\\"",
					"JucePlugin_AUMainType='aufx'",
					"JucePlugin_AUSubType=JucePlugin_PluginCode",
					"JucePlugin_AUExportPrefix=PedalModellingAU",
					"JucePlugin_AUExportPrefixQuoted=\\\"PedalModellingAU\\\"",
					"JucePlugin_AUManufacturerCode=JucePlugin_ManufacturerCode",
					"JucePlugin_CFBundleIdentifier=com.yourcompany.PedalModelling",
					"JucePlugin_RTASCategory=0",
					"JucePlugin_RTASManufacturerCode=JucePlugin_ManufacturerCode",
					"JucePlugin_RTASProductId=JucePlugin_PluginCode",
					"JucePlugin_RTASDisableBypass=0",
					"JucePlugin_RTASDisableMultiMono=0",
					"JucePlugin_AAXIdentifier=com.yourcompany.PedalModelling",
					"JucePlugin_AAXManufacturerCode=JucePlugin_ManufacturerCode",
					"JucePlugin_AAXProductId=JucePlugin_PluginCode",
					"JucePlugin_AAXCategory=0",
					"JucePlugin_AAXDisableBypass=0",
					"JucePlugin_AAXDisableMultiMono=0",
					"JucePlugin_IAAType=0x61757278",
					"JucePlugin_IAASubType=JucePlugin_PluginCode",
					"JucePlugin_IAAName=\\\"yourcompany:\\ PedalModelling\\\"",
					"JucePlugin_VSTNumMidiInputs=16",
					"JucePlugin_VSTNumMidiOutputs=16",
					"JUCE_STANDALONE_APPLICATION=JucePlugin_Build_Standalone",
					"JUCER_XCODE_MAC_F6D2F4CF=1",
					"JUCE_APP_VERSION=1.0.0",
					"JUCE_APP_VERSION_HEX=0x10000",
				);
				GCC_VERSION = com.apple.compilers.llvm.clang.1_0;
				HEADER_SEARCH_PATHS = (
					"/Users/Richie/Desktop/JuceProjects/JUCE/modules/juce_audio_processors/format_types/VST3_SDK",
					"$(SRCROOT)/../../JuceLibraryCode",
					"/Users/Richie/Desktop/JuceProjects/JUCE/modules",
					"/Users/Richie/Desktop/JuceProjects/JUCE/modules/juce_audio_plugin_client",
					"$(inherited)",
				);
				INFOPLIST_FILE = Info-Standalone_Plugin.plist;
				INFOPLIST_PREPROCESS = NO;
				LLVM_LTO = YES;
				MACOSX_DEPLOYMENT_TARGET = 10.11;
				MTL_HEADER_SEARCH_PATHS = (
					"/Users/Richie/Desktop/JuceProjects/JUCE/modules/juce_audio_processors/format_types/VST3_SDK",
					"$(SRCROOT)/../../JuceLibraryCode",
					"/Users/Richie/Desktop/JuceProjects/JUCE/modules",
					"/Users/Richie/Desktop/JuceProjects/JUCE/modules/juce_audio_plugin_client",
				);
				OTHER_LDFLAGS = "-lPedalModelling";
				PRODUCT_BUNDLE_IDENTIFIER = com.yourcompany.PedalModelling;
				PRODUCT_NAME = "PedalModelling";
				USE_HEADERMAP = NO;
				VALID_ARCHS = "i386 x86_64 arm64 arm64e";
			};
			name = Release;
		};
		01E989BF28AC0558BCE7168E = {
			isa = XCBuildConfiguration;
			buildSettings = {
				CLANG_CXX_LANGUAGE_STANDARD = "c++14";
				CLANG_CXX_LIBRARY = "libc++";
				CLANG_LINK_OBJC_RUNTIME = NO;
				CODE_SIGN_IDENTITY = "";
				COMBINE_HIDPI_IMAGES = YES;
				CONFIGURATION_BUILD_DIR = "$(PROJECT_DIR)/build/$(CONFIGURATION)";
				COPY_PHASE_STRIP = NO;
				GCC_DYNAMIC_NO_PIC = NO;
				GCC_OPTIMIZATION_LEVEL = 0;
				GCC_PREPROCESSOR_DEFINITIONS = (
					"_DEBUG=1",
					"DEBUG=1",
					"JUCE_DISPLAY_SPLASH_SCREEN=1",
					"JUCE_USE_DARK_SPLASH_SCREEN=1",
					"JUCE_PROJUCER_VERSION=0x60007",
					"JUCE_MODULE_AVAILABLE_juce_audio_basics=1",
					"JUCE_MODULE_AVAILABLE_juce_audio_devices=1",
					"JUCE_MODULE_AVAILABLE_juce_audio_formats=1",
					"JUCE_MODULE_AVAILABLE_juce_audio_plugin_client=1",
					"JUCE_MODULE_AVAILABLE_juce_audio_processors=1",
					"JUCE_MODULE_AVAILABLE_juce_audio_utils=1",
					"JUCE_MODULE_AVAILABLE_juce_core=1",
					"JUCE_MODULE_AVAILABLE_juce_data_structures=1",
					"JUCE_MODULE_AVAILABLE_juce_dsp=1",
					"JUCE_MODULE_AVAILABLE_juce_events=1",
					"JUCE_MODULE_AVAILABLE_juce_graphics=1",
					"JUCE_MODULE_AVAILABLE_juce_gui_basics=1",
					"JUCE_MODULE_AVAILABLE_juce_gui_extra=1",
					"JUCE_GLOBAL_MODULE_SETTINGS_INCLUDED=1",
					"JUCE_VST3_CAN_REPLACE_VST2=0",
					"JUCE_STRICT_REFCOUNTEDPOINTER=1",
					"JucePlugin_Build_VST=0",
					"JucePlugin_Build_VST3=1",
					"JucePlugin_Build_AU=1",
					"JucePlugin_Build_AUv3=0",
					"JucePlugin_Build_RTAS=0",
					"JucePlugin_Build_AAX=0",
					"JucePlugin_Build_Standalone=1",
					"JucePlugin_Build_Unity=0",
					"JucePlugin_Enable_IAA=0",
					"JucePlugin_Name=\\\"PedalModelling\\\"",
					"JucePlugin_Desc=\\\"PedalModelling\\\"",
					"JucePlugin_Manufacturer=\\\"yourcompany\\\"",
					"JucePlugin_ManufacturerWebsite=\\\"\\\"",
					"JucePlugin_ManufacturerEmail=\\\"\\\"",
					"JucePlugin_ManufacturerCode=0x4d616e75",
					"JucePlugin_PluginCode=0x46396a39",
					"JucePlugin_IsSynth=0",
					"JucePlugin_WantsMidiInput=0",
					"JucePlugin_ProducesMidiOutput=0",
					"JucePlugin_IsMidiEffect=0",
					"JucePlugin_EditorRequiresKeyboardFocus=0",
					"JucePlugin_Version=1.0.0",
					"JucePlugin_VersionCode=0x10000",
					"JucePlugin_VersionString=\\\"1.0.0\\\"",
					"JucePlugin_VSTUniqueID=JucePlugin_PluginCode",
					"JucePlugin_VSTCategory=kPlugCategEffect",
					"JucePlugin_Vst3Category=\\\"Fx\\\"",
					"JucePlugin_AUMainType='aufx'",
					"JucePlugin_AUSubType=JucePlugin_PluginCode",
					"JucePlugin_AUExportPrefix=PedalModellingAU",
					"JucePlugin_AUExportPrefixQuoted=\\\"PedalModellingAU\\\"",
					"JucePlugin_AUManufacturerCode=JucePlugin_ManufacturerCode",
					"JucePlugin_CFBundleIdentifier=com.yourcompany.PedalModelling",
					"JucePlugin_RTASCategory=0",
					"JucePlugin_RTASManufacturerCode=JucePlugin_ManufacturerCode",
					"JucePlugin_RTASProductId=JucePlugin_PluginCode",
					"JucePlugin_RTASDisableBypass=0",
					"JucePlugin_RTASDisableMultiMono=0",
					"JucePlugin_AAXIdentifier=com.yourcompany.PedalModelling",
					"JucePlugin_AAXManufacturerCode=JucePlugin_ManufacturerCode",
					"JucePlugin_AAXProductId=JucePlugin_PluginCode",
					"JucePlugin_AAXCategory=0",
					"JucePlugin_AAXDisableBypass=0",
					"JucePlugin_AAXDisableMultiMono=0",
					"JucePlugin_IAAType=0x61757278",
					"JucePlugin_IAASubType=JucePlugin_PluginCode",
					"JucePlugin_IAAName=\\\"yourcompany:\\ PedalModelling\\\"",
					"JucePlugin_VSTNumMidiInputs=16",
					"JucePlugin_VSTNumMidiOutputs=16",
					"JUCE_STANDALONE_APPLICATION=JucePlugin_Build_Standalone",
					"JUCER_XCODE_MAC_F6D2F4CF=1",
					"JUCE_APP_VERSION=1.0.0",
					"JUCE_APP_VERSION_HEX=0x10000",
					"JUCE_SHARED_CODE=1",
				);
				GCC_VERSION = com.apple.compilers.llvm.clang.1_0;
				HEADER_SEARCH_PATHS = (
					"/Users/Richie/Desktop/JuceProjects/JUCE/modules/juce_audio_processors/format_types/VST3_SDK",
					"$(SRCROOT)/../../JuceLibraryCode",
					"/Users/Richie/Desktop/JuceProjects/JUCE/modules",
					"/Users/Richie/Desktop/JuceProjects/JUCE/modules/juce_audio_plugin_client",
					"$(inherited)",
				);
				INSTALL_PATH = "@executable_path/../Frameworks";
				MACOSX_DEPLOYMENT_TARGET = 10.11;
				MTL_HEADER_SEARCH_PATHS = (
					"/Users/Richie/Desktop/JuceProjects/JUCE/modules/juce_audio_processors/format_types/VST3_SDK",
					"$(SRCROOT)/../../JuceLibraryCode",
					"/Users/Richie/Desktop/JuceProjects/JUCE/modules",
					"/Users/Richie/Desktop/JuceProjects/JUCE/modules/juce_audio_plugin_client",
				);
				PRODUCT_BUNDLE_IDENTIFIER = com.yourcompany.PedalModelling;
				PRODUCT_NAME = "PedalModelling";
				SKIP_INSTALL = YES;
				USE_HEADERMAP = NO;
				VALID_ARCHS = "i386 x86_64 arm64 arm64e";
			};
			name = Debug;
		};
		63D66C3003F214AD07630845 = {
			isa = XCBuildConfiguration;
			buildSettings = {
				CLANG_CXX_LANGUAGE_STANDARD = "c++14";
				CLANG_CXX_LIBRARY = "libc++";
				CLANG_LINK_OBJC_RUNTIME = NO;
				CODE_SIGN_IDENTITY = "";
				COMBINE_HIDPI_IMAGES = YES;
				CONFIGURATION_BUILD_DIR = "$(PROJECT_DIR)/build/$(CONFIGURATION)";
				DEAD_CODE_STRIPPING = YES;
				GCC_GENERATE_DEBUGGING_SYMBOLS = NO;
				GCC_OPTIMIZATION_LEVEL = 3;
				GCC_PREPROCESSOR_DEFINITIONS = (
					"_NDEBUG=1",
					"NDEBUG=1",
					"JUCE_DISPLAY_SPLASH_SCREEN=1",
					"JUCE_USE_DARK_SPLASH_SCREEN=1",
					"JUCE_PROJUCER_VERSION=0x60007",
					"JUCE_MODULE_AVAILABLE_juce_audio_basics=1",
					"JUCE_MODULE_AVAILABLE_juce_audio_devices=1",
					"JUCE_MODULE_AVAILABLE_juce_audio_formats=1",
					"JUCE_MODULE_AVAILABLE_juce_audio_plugin_client=1",
					"JUCE_MODULE_AVAILABLE_juce_audio_processors=1",
					"JUCE_MODULE_AVAILABLE_juce_audio_utils=1",
					"JUCE_MODULE_AVAILABLE_juce_core=1",
					"JUCE_MODULE_AVAILABLE_juce_data_structures=1",
					"JUCE_MODULE_AVAILABLE_juce_dsp=1",
					"JUCE_MODULE_AVAILABLE_juce_events=1",
					"JUCE_MODULE_AVAILABLE_juce_graphics=1",
					"JUCE_MODULE_AVAILABLE_juce_gui_basics=1",
					"JUCE_MODULE_AVAILABLE_juce_gui_extra=1",
					"JUCE_GLOBAL_MODULE_SETTINGS_INCLUDED=1",
					"JUCE_VST3_CAN_REPLACE_VST2=0",
					"JUCE_STRICT_REFCOUNTEDPOINTER=1",
					"JucePlugin_Build_VST=0",
					"JucePlugin_Build_VST3=1",
					"JucePlugin_Build_AU=1",
					"JucePlugin_Build_AUv3=0",
					"JucePlugin_Build_RTAS=0",
					"JucePlugin_Build_AAX=0",
					"JucePlugin_Build_Standalone=1",
					"JucePlugin_Build_Unity=0",
					"JucePlugin_Enable_IAA=0",
					"JucePlugin_Name=\\\"PedalModelling\\\"",
					"JucePlugin_Desc=\\\"PedalModelling\\\"",
					"JucePlugin_Manufacturer=\\\"yourcompany\\\"",
					"JucePlugin_ManufacturerWebsite=\\\"\\\"",
					"JucePlugin_ManufacturerEmail=\\\"\\\"",
					"JucePlugin_ManufacturerCode=0x4d616e75",
					"JucePlugin_PluginCode=0x46396a39",
					"JucePlugin_IsSynth=0",
					"JucePlugin_WantsMidiInput=0",
					"JucePlugin_ProducesMidiOutput=0",
					"JucePlugin_IsMidiEffect=0",
					"JucePlugin_EditorRequiresKeyboardFocus=0",
					"JucePlugin_Version=1.0.0",
					"JucePlugin_VersionCode=0x10000",
					"JucePlugin_VersionString=\\\"1.0.0\\\"",
					"JucePlugin_VSTUniqueID=JucePlugin_PluginCode",
					"JucePlugin_VSTCategory=kPlugCategEffect",
					"JucePlugin_Vst3Category=\\\"Fx\\\"",
					"JucePlugin_AUMainType='aufx'",
					"JucePlugin_AUSubType=JucePlugin_PluginCode",
					"JucePlugin_AUExportPrefix=PedalModellingAU",
					"JucePlugin_AUExportPrefixQuoted=\\\"PedalModellingAU\\\"",
					"JucePlugin_AUManufacturerCode=JucePlugin_ManufacturerCode",
					"JucePlugin_CFBundleIdentifier=com.yourcompany.PedalModelling",
					"JucePlugin_RTASCategory=0",
					"JucePlugin_RTASManufacturerCode=JucePlugin_ManufacturerCode",
					"JucePlugin_RTASProductId=JucePlugin_PluginCode",
					"JucePlugin_RTASDisableBypass=0",
					"JucePlugin_RTASDisableMultiMono=0",
					"JucePlugin_AAXIdentifier=com.yourcompany.PedalModelling",
					"JucePlugin_AAXManufacturerCode=JucePlugin_ManufacturerCode",
					"JucePlugin_AAXProductId=JucePlugin_PluginCode",
					"JucePlugin_AAXCategory=0",
					"JucePlugin_AAXDisableBypass=0",
					"JucePlugin_AAXDisableMultiMono=0",
					"JucePlugin_IAAType=0x61757278",
					"JucePlugin_IAASubType=JucePlugin_PluginCode",
					"JucePlugin_IAAName=\\\"yourcompany:\\ PedalModelling\\\"",
					"JucePlugin_VSTNumMidiInputs=16",
					"JucePlugin_VSTNumMidiOutputs=16",
					"JUCE_STANDALONE_APPLICATION=JucePlugin_Build_Standalone",
					"JUCER_XCODE_MAC_F6D2F4CF=1",
					"JUCE_APP_VERSION=1.0.0",
					"JUCE_APP_VERSION_HEX=0x10000",
					"JUCE_SHARED_CODE=1",
				);
				GCC_VERSION = com.apple.compilers.llvm.clang.1_0;
				HEADER_SEARCH_PATHS = (
					"/Users/Richie/Desktop/JuceProjects/JUCE/modules/juce_audio_processors/format_types/VST3_SDK",
					"$(SRCROOT)/../../JuceLibraryCode",
					"/Users/Richie/Desktop/JuceProjects/JUCE/modules",
					"/Users/Richie/Desktop/JuceProjects/JUCE/modules/juce_audio_plugin_client",
					"$(inherited)",
				);
				INSTALL_PATH = "@executable_path/../Frameworks";
				LLVM_LTO = YES;
				MACOSX_DEPLOYMENT_TARGET = 10.11;
				MTL_HEADER_SEARCH_PATHS = (
					"/Users/Richie/Desktop/JuceProjects/JUCE/modules/juce_audio_processors/format_types/VST3_SDK",
					"$(SRCROOT)/../../JuceLibraryCode",
					"/Users/Richie/Desktop/JuceProjects/JUCE/modules",
					"/Users/Richie/Desktop/JuceProjects/JUCE/modules/juce_audio_plugin_client",
				);
				PRODUCT_BUNDLE_IDENTIFIER = com.yourcompany.PedalModelling;
				PRODUCT_NAME = "PedalModelling";
				SKIP_INSTALL = YES;
				USE_HEADERMAP = NO;
				VALID_ARCHS = "i386 x86_64 arm64 arm64e";
			};
			name = Release;
		};
		18979327BDBAB55348C6FEEE = {
			isa = XCBuildConfiguration;
			buildSettings = {
				ALWAYS_SEARCH_USER_PATHS = NO;
				CLANG_ENABLE_OBJC_WEAK = YES;
				CLANG_WARN_BLOCK_CAPTURE_AUTORELEASING = YES;
				CLANG_WARN_BOOL_CONVERSION = YES;
				CLANG_WARN_COMMA = YES;
				CLANG_WARN_CONSTANT_CONVERSION = YES;
				CLANG_WARN_DEPRECATED_OBJC_IMPLEMENTATIONS = YES;
				CLANG_WARN_EMPTY_BODY = YES;
				CLANG_WARN_ENUM_CONVERSION = YES;
				CLANG_WARN_INFINITE_RECURSION = YES;
				CLANG_WARN_INT_CONVERSION = YES;
				CLANG_WARN_NON_LITERAL_NULL_CONVERSION = YES;
				CLANG_WARN_OBJC_IMPLICIT_RETAIN_SELF = YES;
				CLANG_WARN_OBJC_LITERAL_CONVERSION = YES;
				CLANG_WARN_RANGE_LOOP_ANALYSIS = YES;
				CLANG_WARN_STRICT_PROTOTYPES = YES;
				CLANG_WARN_SUSPICIOUS_MOVE = YES;
				CLANG_WARN_UNREACHABLE_CODE = YES;
				CLANG_WARN__DUPLICATE_METHOD_MATCH = YES;
				CODE_SIGN_IDENTITY = "";
				DEBUG_INFORMATION_FORMAT = dwarf;
				ENABLE_STRICT_OBJC_MSGSEND = YES;
				ENABLE_TESTABILITY = NO;
				GCC_C_LANGUAGE_STANDARD = c11;
				GCC_INLINES_ARE_PRIVATE_EXTERN = YES;
				GCC_MODEL_TUNING = G5;
				GCC_NO_COMMON_BLOCKS = YES;
				GCC_SYMBOLS_PRIVATE_EXTERN = YES;
				GCC_WARN_64_TO_32_BIT_CONVERSION = YES;
				GCC_WARN_ABOUT_RETURN_TYPE = YES;
				GCC_WARN_CHECK_SWITCH_STATEMENTS = YES;
				GCC_WARN_MISSING_PARENTHESES = YES;
				GCC_WARN_NON_VIRTUAL_DESTRUCTOR = YES;
				GCC_WARN_TYPECHECK_CALLS_TO_PRINTF = YES;
				GCC_WARN_UNDECLARED_SELECTOR = YES;
				GCC_WARN_UNINITIALIZED_AUTOS = YES;
				GCC_WARN_UNUSED_FUNCTION = YES;
				GCC_WARN_UNUSED_VARIABLE = YES;
				ONLY_ACTIVE_ARCH = YES;
				PRODUCT_NAME = "PedalModelling";
				SDKROOT = macosx;
				WARNING_CFLAGS = "-Wreorder";
				ZERO_LINK = NO;
			};
			name = Debug;
		};
		F4F783E64FA4D3B6F47E19EB = {
			isa = XCBuildConfiguration;
			buildSettings = {
				ALWAYS_SEARCH_USER_PATHS = NO;
				CLANG_ENABLE_OBJC_WEAK = YES;
				CLANG_WARN_BLOCK_CAPTURE_AUTORELEASING = YES;
				CLANG_WARN_BOOL_CONVERSION = YES;
				CLANG_WARN_COMMA = YES;
				CLANG_WARN_CONSTANT_CONVERSION = YES;
				CLANG_WARN_DEPRECATED_OBJC_IMPLEMENTATIONS = YES;
				CLANG_WARN_EMPTY_BODY = YES;
				CLANG_WARN_ENUM_CONVERSION = YES;
				CLANG_WARN_INFINITE_RECURSION = YES;
				CLANG_WARN_INT_CONVERSION = YES;
				CLANG_WARN_NON_LITERAL_NULL_CONVERSION = YES;
				CLANG_WARN_OBJC_IMPLICIT_RETAIN_SELF = YES;
				CLANG_WARN_OBJC_LITERAL_CONVERSION = YES;
				CLANG_WARN_RANGE_LOOP_ANALYSIS = YES;
				CLANG_WARN_STRICT_PROTOTYPES = YES;
				CLANG_WARN_SUSPICIOUS_MOVE = YES;
				CLANG_WARN_UNREACHABLE_CODE = YES;
				CLANG_WARN__DUPLICATE_METHOD_MATCH = YES;
				CODE_SIGN_IDENTITY = "";
				DEBUG_INFORMATION_FORMAT = dwarf;
				ENABLE_STRICT_OBJC_MSGSEND = YES;
				ENABLE_TESTABILITY = NO;
				GCC_C_LANGUAGE_STANDARD = c11;
				GCC_INLINES_ARE_PRIVATE_EXTERN = YES;
				GCC_MODEL_TUNING = G5;
				GCC_NO_COMMON_BLOCKS = YES;
				GCC_SYMBOLS_PRIVATE_EXTERN = YES;
				GCC_WARN_64_TO_32_BIT_CONVERSION = YES;
				GCC_WARN_ABOUT_RETURN_TYPE = YES;
				GCC_WARN_CHECK_SWITCH_STATEMENTS = YES;
				GCC_WARN_MISSING_PARENTHESES = YES;
				GCC_WARN_NON_VIRTUAL_DESTRUCTOR = YES;
				GCC_WARN_TYPECHECK_CALLS_TO_PRINTF = YES;
				GCC_WARN_UNDECLARED_SELECTOR = YES;
				GCC_WARN_UNINITIALIZED_AUTOS = YES;
				GCC_WARN_UNUSED_FUNCTION = YES;
				GCC_WARN_UNUSED_VARIABLE = YES;
				PRODUCT_NAME = "PedalModelling";
				SDKROOT = macosx;
				WARNING_CFLAGS = "-Wreorder";
				ZERO_LINK = NO;
			};
			name = Release;
		};
		EFE4F57FD0B12776F2D6EEFF = {
			isa = XCConfigurationList;
			buildConfigurations = (
				18979327BDBAB55348C6FEEE,
				F4F783E64FA4D3B6F47E19EB,
			);
			defaultConfigurationIsVisible = 0;
			defaultConfigurationName = Debug;
		};
		43FE9144AB122DEB2991D715 = {
			isa = XCConfigurationList;
			buildConfigurations = (
				3A459450C5C6E7F3B6613427,
				A908A378268131E0971B44CA,
			);
			defaultConfigurationIsVisible = 0;
			defaultConfigurationName = Debug;
		};
		74DCEEE8C716B5FCE4FFF29B = {
			isa = PBXAggregateTarget;
			buildConfigurationList = 43FE9144AB122DEB2991D715;
			buildPhases = ( );
			buildRules = ( );
			dependencies = (
				D1A801C1C4ABA63DF6D8D17A,
				ED2E990B501B6A896F8C7AC5,
				89ACD127BB2F42E7034876D8,
				0FD30AC82730351F2E8A6105,
			);
			name = "PedalModelling - All";
			productName = PedalModelling;
		};
		E959A9C019D42DC230BB195F = {
			isa = XCConfigurationList;
			buildConfigurations = (
				B20B73F0A6CB201A50878E0C,
				BE37AFAFFE392881E057BA0D,
			);
			defaultConfigurationIsVisible = 0;
			defaultConfigurationName = Debug;
		};
		67156D9D2EA4333A18A28941 = {
			isa = PBXResourcesBuildPhase;
			buildActionMask = 2147483647;
			files = (
				1D8B999FCCD167ED49C93EB3,
			);
			runOnlyForDeploymentPostprocessing = 0;
		};
		B76654F4371F4E36558A70DD = {
			isa = PBXSourcesBuildPhase;
			buildActionMask = 2147483647;
			files = (
				2253DA3D306A527DEB14EAA4,
			);
			runOnlyForDeploymentPostprocessing = 0;
		};
		C5977F631E81B95B590F26EE = {
			isa = PBXFrameworksBuildPhase;
			buildActionMask = 2147483647;
			files = (
				E5D0D8892203CAA9D3DF0B7A,
				B595D3E3E56118A6E430164B,
				74ECD95C271C27F9028661D7,
				84A8733B766FA63573A35455,
				9F42FD7180FAC3D5DCFB3596,
				AA6A2B5D9BFD639324F1021B,
				4604CDE5377934352EF2778F,
				A0CA39AA2376B216CC30D6B8,
				32C7097C51C4CA0FFAF6B01D,
				4BBC2F2A1930ADAA56CE21FE,
				BF48345D40ACC837096E7B43,
				C08DA2AB71E1073DEFE43AFF,
			);
			runOnlyForDeploymentPostprocessing = 0;
		};
		7E0F0645884B24BBFBDAB60F = {
			isa = PBXNativeTarget;
			buildConfigurationList = E959A9C019D42DC230BB195F;
			buildPhases = (
				67156D9D2EA4333A18A28941,
				B76654F4371F4E36558A70DD,
				C5977F631E81B95B590F26EE,
			);
			buildRules = ( );
			dependencies = (
				D90381AAE06511D1B686CE98,
			);
			name = "PedalModelling - VST3";
			productName = PedalModelling;
			productReference = 76A33D682892F7ED944DB3A0;
			productType = "com.apple.product-type.bundle";
		};
		BB09D1383445078FD66F9A6D = {
			isa = XCConfigurationList;
			buildConfigurations = (
				F37366FCAF760F834FF63DF7,
				BA504925604B3AFB8A974FE4,
			);
			defaultConfigurationIsVisible = 0;
			defaultConfigurationName = Debug;
		};
		A711F886C7B14D7E7238EC82 = {
			isa = PBXResourcesBuildPhase;
			buildActionMask = 2147483647;
			files = (
				1D8B999FCCD167ED49C93EB3,
			);
			runOnlyForDeploymentPostprocessing = 0;
		};
		EBD435A489D1D6289A69635E = {
			isa = PBXRezBuildPhase;
			buildActionMask = 2147483647;
			files = (
				D7A9F1D194F90BB67408591E,
			);
			runOnlyForDeploymentPostprocessing = 0;
		};
		F535A8BE0811B439D8FABA7F = {
			isa = PBXSourcesBuildPhase;
			buildActionMask = 2147483647;
			files = (
				E798033DCE066DB591F7C6B9,
				5D14E56180DE21B0AD52A0C4,
			);
			runOnlyForDeploymentPostprocessing = 0;
		};
		27E360491660BE20BC2C396D = {
			isa = PBXFrameworksBuildPhase;
			buildActionMask = 2147483647;
			files = (
				72302D28DB87BB8590D166AF,
				E5D0D8892203CAA9D3DF0B7A,
				B595D3E3E56118A6E430164B,
				74ECD95C271C27F9028661D7,
				84A8733B766FA63573A35455,
				9F42FD7180FAC3D5DCFB3596,
				AA6A2B5D9BFD639324F1021B,
				4604CDE5377934352EF2778F,
				A0CA39AA2376B216CC30D6B8,
				32C7097C51C4CA0FFAF6B01D,
				4BBC2F2A1930ADAA56CE21FE,
				BF48345D40ACC837096E7B43,
				C08DA2AB71E1073DEFE43AFF,
			);
			runOnlyForDeploymentPostprocessing = 0;
		};
		8FC9DF9A2386A34E3A6BF22F = {
			isa = PBXNativeTarget;
			buildConfigurationList = BB09D1383445078FD66F9A6D;
			buildPhases = (
				A711F886C7B14D7E7238EC82,
				EBD435A489D1D6289A69635E,
				F535A8BE0811B439D8FABA7F,
				27E360491660BE20BC2C396D,
			);
			buildRules = ( );
			dependencies = (
				4E870F7E5A7A21FEA95BFE34,
			);
			name = "PedalModelling - AU";
			productName = PedalModelling;
			productReference = AE73C4295F2A709414C623AB;
			productType = "com.apple.product-type.bundle";
		};
		25FAB6FAFC3102E9303D1A1E = {
			isa = XCConfigurationList;
			buildConfigurations = (
				E78AC0C14B52009A7D0F0176,
				BE65D74466A90F2382F6E083,
			);
			defaultConfigurationIsVisible = 0;
			defaultConfigurationName = Debug;
		};
		9ED76295C8E2E199C63C40D4 = {
			isa = PBXResourcesBuildPhase;
			buildActionMask = 2147483647;
			files = (
				1D8B999FCCD167ED49C93EB3,
			);
			runOnlyForDeploymentPostprocessing = 0;
		};
		610B935304967B369AA31DE3 = {
			isa = PBXSourcesBuildPhase;
			buildActionMask = 2147483647;
			files = (
				EFEE38B6BC559F28FD892BF7,
			);
			runOnlyForDeploymentPostprocessing = 0;
		};
		A1746AAED63C15C42275E3A8 = {
			isa = PBXFrameworksBuildPhase;
			buildActionMask = 2147483647;
			files = (
				E5D0D8892203CAA9D3DF0B7A,
				B595D3E3E56118A6E430164B,
				74ECD95C271C27F9028661D7,
				84A8733B766FA63573A35455,
				9F42FD7180FAC3D5DCFB3596,
				AA6A2B5D9BFD639324F1021B,
				4604CDE5377934352EF2778F,
				A0CA39AA2376B216CC30D6B8,
				32C7097C51C4CA0FFAF6B01D,
				4BBC2F2A1930ADAA56CE21FE,
				BF48345D40ACC837096E7B43,
				C08DA2AB71E1073DEFE43AFF,
			);
			runOnlyForDeploymentPostprocessing = 0;
		};
		372A720FE36EC2AFCCB6A339 = {
			isa = PBXNativeTarget;
			buildConfigurationList = 25FAB6FAFC3102E9303D1A1E;
			buildPhases = (
				9ED76295C8E2E199C63C40D4,
				610B935304967B369AA31DE3,
				A1746AAED63C15C42275E3A8,
			);
			buildRules = ( );
			dependencies = (
				E94D44FA5483C4F92D73176D,
			);
			name = "PedalModelling - Standalone Plugin";
			productName = PedalModelling;
			productReference = EBFF452A0544AFCB50B7C4D6;
			productType = "com.apple.product-type.application";
		};
		ABCD611D05BECB4ABDCBF4C2 = {
			isa = XCConfigurationList;
			buildConfigurations = (
				01E989BF28AC0558BCE7168E,
				63D66C3003F214AD07630845,
			);
			defaultConfigurationIsVisible = 0;
			defaultConfigurationName = Debug;
		};
		334D4A78E46980410D0EAEED = {
			isa = PBXSourcesBuildPhase;
			buildActionMask = 2147483647;
			files = (
				C87ECC0EF1DE91FAC789CDC3,
				10AF664A15DE4065E05CFBE9,
				13FF1C8514046648FFA15A5F,
				1F94D6A616077D58B5954A3F,
				DEBACF14232A3FF4896F4D71,
				D49B1DCF6B915FBA1CBF0085,
				60BA90162C425D828A13C86F,
				1841577D2E9115918CE6DE41,
				30A1729BFF511501D81128D1,
				F79600F680C7ED6A5E3227BC,
				0CD4300E03E084EBE12F133E,
				5409C638E2E2354A57AA23BF,
				202F3814E0FCB593E171D0C8,
				8916E45AFB76906FCF683258,
				757E46EBA78DFCFB44A9F1B6,
				E1CCB7D2095FC57DFA13CB4B,
				B9E97E8E391502E89009122F,
				7A82904E8A05E3A1CBBCD58B,
			);
			runOnlyForDeploymentPostprocessing = 0;
		};
		2049DE777588AE97E73EDF6A = {
			isa = PBXNativeTarget;
			buildConfigurationList = ABCD611D05BECB4ABDCBF4C2;
			buildPhases = (
				334D4A78E46980410D0EAEED,
			);
			buildRules = ( );
			dependencies = ( );
			name = "PedalModelling - Shared Code";
			productName = PedalModelling;
			productReference = 98C4616D63E553C9E737C926;
			productType = "com.apple.product-type.library.static";
		};
		0C9B418489595D6BEA670657 = {
			isa = PBXProject;
			buildConfigurationList = EFE4F57FD0B12776F2D6EEFF;
			attributes = { LastUpgradeCheck = 1230; ORGANIZATIONNAME = ""; TargetAttributes = { 74DCEEE8C716B5FCE4FFF29B = { SystemCapabilities = {com.apple.ApplicationGroups.iOS = { enabled = 0; }; com.apple.InAppPurchase = { enabled = 0; }; com.apple.InterAppAudio = { enabled = 0; }; com.apple.Push = { enabled = 0; }; com.apple.Sandbox = { enabled = 0; }; com.apple.HardenedRuntime = { enabled = 0; }; }; };7E0F0645884B24BBFBDAB60F = { SystemCapabilities = {com.apple.ApplicationGroups.iOS = { enabled = 0; }; com.apple.InAppPurchase = { enabled = 0; }; com.apple.InterAppAudio = { enabled = 0; }; com.apple.Push = { enabled = 0; }; com.apple.Sandbox = { enabled = 0; }; com.apple.HardenedRuntime = { enabled = 0; }; }; };8FC9DF9A2386A34E3A6BF22F = { SystemCapabilities = {com.apple.ApplicationGroups.iOS = { enabled = 0; }; com.apple.InAppPurchase = { enabled = 0; }; com.apple.InterAppAudio = { enabled = 0; }; com.apple.Push = { enabled = 0; }; com.apple.Sandbox = { enabled = 0; }; com.apple.HardenedRuntime = { enabled = 0; }; }; };372A720FE36EC2AFCCB6A339 = { SystemCapabilities = {com.apple.ApplicationGroups.iOS = { enabled = 0; }; com.apple.InAppPurchase = { enabled = 0; }; com.apple.InterAppAudio = { enabled = 0; }; com.apple.Push = { enabled = 0; }; com.apple.Sandbox = { enabled = 0; }; com.apple.HardenedRuntime = { enabled = 0; }; }; };2049DE777588AE97E73EDF6A = { SystemCapabilities = {com.apple.ApplicationGroups.iOS = { enabled = 0; }; com.apple.InAppPurchase = { enabled = 0; }; com.apple.InterAppAudio = { enabled = 0; }; com.apple.Push = { enabled = 0; }; com.apple.Sandbox = { enabled = 0; }; com.apple.HardenedRuntime = { enabled = 0; }; }; }; }; };
			compatibilityVersion = "Xcode 3.2";
			hasScannedForEncodings = 0;
			mainGroup = B3DBFB24F2B9438CB3BE9382;
			projectDirPath = "";
			projectRoot = "";
			targets = (74DCEEE8C716B5FCE4FFF29B, 7E0F0645884B24BBFBDAB60F, 8FC9DF9A2386A34E3A6BF22F, 372A720FE36EC2AFCCB6A339, 2049DE777588AE97E73EDF6A);
			knownRegions = (en, Base);
		};
	};
	rootObject = 0C9B418489595D6BEA670657;
}
